// !$*UTF8*$!
{
	archiveVersion = 1;
	classes = {
	};
	objectVersion = 46;
	objects = {

/* Begin PBXBuildFile section */
		0B7FC4B31B5A978500C2C041 /* main.m in Sources */ = {isa = PBXBuildFile; fileRef = 0B7FC4B21B5A978500C2C041 /* main.m */; };
		0B7FC4B61B5A978500C2C041 /* AppDelegate.m in Sources */ = {isa = PBXBuildFile; fileRef = 0B7FC4B51B5A978500C2C041 /* AppDelegate.m */; };
		0B7FC4B91B5A978500C2C041 /* ViewController.m in Sources */ = {isa = PBXBuildFile; fileRef = 0B7FC4B81B5A978500C2C041 /* ViewController.m */; };
		0B7FC4BC1B5A978500C2C041 /* Main.storyboard in Resources */ = {isa = PBXBuildFile; fileRef = 0B7FC4BA1B5A978500C2C041 /* Main.storyboard */; };
		0B7FC4BE1B5A978500C2C041 /* Images.xcassets in Resources */ = {isa = PBXBuildFile; fileRef = 0B7FC4BD1B5A978500C2C041 /* Images.xcassets */; };
		0B7FC4C11B5A978500C2C041 /* LaunchScreen.xib in Resources */ = {isa = PBXBuildFile; fileRef = 0B7FC4BF1B5A978500C2C041 /* LaunchScreen.xib */; };
		0B7FC4CD1B5A978500C2C041 /* InterfacesTests.m in Sources */ = {isa = PBXBuildFile; fileRef = 0B7FC4CC1B5A978500C2C041 /* InterfacesTests.m */; };
/* End PBXBuildFile section */

/* Begin PBXContainerItemProxy section */
		0B7FC4C71B5A978500C2C041 /* PBXContainerItemProxy */ = {
			isa = PBXContainerItemProxy;
			containerPortal = 0B7FC4A51B5A978500C2C041 /* Project object */;
			proxyType = 1;
			remoteGlobalIDString = 0B7FC4AC1B5A978500C2C041;
			remoteInfo = Interfaces;
		};
/* End PBXContainerItemProxy section */

/* Begin PBXFileReference section */
		0B7FC4AD1B5A978500C2C041 /* Interfaces.app */ = {isa = PBXFileReference; explicitFileType = wrapper.application; includeInIndex = 0; path = Interfaces.app; sourceTree = BUILT_PRODUCTS_DIR; };
		0B7FC4B11B5A978500C2C041 /* Info.plist */ = {isa = PBXFileReference; lastKnownFileType = text.plist.xml; path = Info.plist; sourceTree = "<group>"; };
		0B7FC4B21B5A978500C2C041 /* main.m */ = {isa = PBXFileReference; lastKnownFileType = sourcecode.c.objc; path = main.m; sourceTree = "<group>"; };
		0B7FC4B41B5A978500C2C041 /* AppDelegate.h */ = {isa = PBXFileReference; lastKnownFileType = sourcecode.c.h; path = AppDelegate.h; sourceTree = "<group>"; };
		0B7FC4B51B5A978500C2C041 /* AppDelegate.m */ = {isa = PBXFileReference; lastKnownFileType = sourcecode.c.objc; path = AppDelegate.m; sourceTree = "<group>"; };
		0B7FC4B71B5A978500C2C041 /* ViewController.h */ = {isa = PBXFileReference; lastKnownFileType = sourcecode.c.h; path = ViewController.h; sourceTree = "<group>"; };
		0B7FC4B81B5A978500C2C041 /* ViewController.m */ = {isa = PBXFileReference; lastKnownFileType = sourcecode.c.objc; path = ViewController.m; sourceTree = "<group>"; };
		0B7FC4BB1B5A978500C2C041 /* Base */ = {isa = PBXFileReference; lastKnownFileType = file.storyboard; name = Base; path = Base.lproj/Main.storyboard; sourceTree = "<group>"; };
		0B7FC4BD1B5A978500C2C041 /* Images.xcassets */ = {isa = PBXFileReference; lastKnownFileType = folder.assetcatalog; path = Images.xcassets; sourceTree = "<group>"; };
		0B7FC4C01B5A978500C2C041 /* Base */ = {isa = PBXFileReference; lastKnownFileType = file.xib; name = Base; path = Base.lproj/LaunchScreen.xib; sourceTree = "<group>"; };
		0B7FC4C61B5A978500C2C041 /* InterfacesTests.xctest */ = {isa = PBXFileReference; explicitFileType = wrapper.cfbundle; includeInIndex = 0; path = InterfacesTests.xctest; sourceTree = BUILT_PRODUCTS_DIR; };
		0B7FC4CB1B5A978500C2C041 /* Info.plist */ = {isa = PBXFileReference; lastKnownFileType = text.plist.xml; path = Info.plist; sourceTree = "<group>"; };
		0B7FC4CC1B5A978500C2C041 /* InterfacesTests.m */ = {isa = PBXFileReference; lastKnownFileType = sourcecode.c.objc; path = InterfacesTests.m; sourceTree = "<group>"; };
/* End PBXFileReference section */

/* Begin PBXFrameworksBuildPhase section */
		0B7FC4AA1B5A978500C2C041 /* Frameworks */ = {
			isa = PBXFrameworksBuildPhase;
			buildActionMask = 2147483647;
			files = (
			);
			runOnlyForDeploymentPostprocessing = 0;
		};
		0B7FC4C31B5A978500C2C041 /* Frameworks */ = {
			isa = PBXFrameworksBuildPhase;
			buildActionMask = 2147483647;
			files = (
			);
			runOnlyForDeploymentPostprocessing = 0;
		};
/* End PBXFrameworksBuildPhase section */

/* Begin PBXGroup section */
		0B7FC4A41B5A978500C2C041 = {
			isa = PBXGroup;
			children = (
				0B7FC4AF1B5A978500C2C041 /* Interfaces */,
				0B7FC4C91B5A978500C2C041 /* InterfacesTests */,
				0B7FC4AE1B5A978500C2C041 /* Products */,
			);
			sourceTree = "<group>";
		};
		0B7FC4AE1B5A978500C2C041 /* Products */ = {
			isa = PBXGroup;
			children = (
				0B7FC4AD1B5A978500C2C041 /* Interfaces.app */,
				0B7FC4C61B5A978500C2C041 /* InterfacesTests.xctest */,
			);
			name = Products;
			sourceTree = "<group>";
		};
		0B7FC4AF1B5A978500C2C041 /* Interfaces */ = {
			isa = PBXGroup;
			children = (
				0B7FC4B41B5A978500C2C041 /* AppDelegate.h */,
				0B7FC4B51B5A978500C2C041 /* AppDelegate.m */,
				0B7FC4B71B5A978500C2C041 /* ViewController.h */,
				0B7FC4B81B5A978500C2C041 /* ViewController.m */,
				0B7FC4BA1B5A978500C2C041 /* Main.storyboard */,
				0B7FC4BD1B5A978500C2C041 /* Images.xcassets */,
				0B7FC4BF1B5A978500C2C041 /* LaunchScreen.xib */,
				0B7FC4B01B5A978500C2C041 /* Supporting Files */,
			);
			path = Interfaces;
			sourceTree = "<group>";
		};
		0B7FC4B01B5A978500C2C041 /* Supporting Files */ = {
			isa = PBXGroup;
			children = (
				0B7FC4B11B5A978500C2C041 /* Info.plist */,
				0B7FC4B21B5A978500C2C041 /* main.m */,
			);
			name = "Supporting Files";
			sourceTree = "<group>";
		};
		0B7FC4C91B5A978500C2C041 /* InterfacesTests */ = {
			isa = PBXGroup;
			children = (
				0B7FC4CC1B5A978500C2C041 /* InterfacesTests.m */,
				0B7FC4CA1B5A978500C2C041 /* Supporting Files */,
			);
			path = InterfacesTests;
			sourceTree = "<group>";
		};
		0B7FC4CA1B5A978500C2C041 /* Supporting Files */ = {
			isa = PBXGroup;
			children = (
				0B7FC4CB1B5A978500C2C041 /* Info.plist */,
			);
			name = "Supporting Files";
			sourceTree = "<group>";
		};
/* End PBXGroup section */

/* Begin PBXNativeTarget section */
		0B7FC4AC1B5A978500C2C041 /* Interfaces */ = {
			isa = PBXNativeTarget;
			buildConfigurationList = 0B7FC4D01B5A978500C2C041 /* Build configuration list for PBXNativeTarget "Interfaces" */;
			buildPhases = (
				0B7FC4A91B5A978500C2C041 /* Sources */,
				0B7FC4AA1B5A978500C2C041 /* Frameworks */,
				0B7FC4AB1B5A978500C2C041 /* Resources */,
			);
			buildRules = (
			);
			dependencies = (
			);
			name = Interfaces;
			productName = Interfaces;
			productReference = 0B7FC4AD1B5A978500C2C041 /* Interfaces.app */;
			productType = "com.apple.product-type.application";
		};
		0B7FC4C51B5A978500C2C041 /* InterfacesTests */ = {
			isa = PBXNativeTarget;
			buildConfigurationList = 0B7FC4D31B5A978500C2C041 /* Build configuration list for PBXNativeTarget "InterfacesTests" */;
			buildPhases = (
				0B7FC4C21B5A978500C2C041 /* Sources */,
				0B7FC4C31B5A978500C2C041 /* Frameworks */,
				0B7FC4C41B5A978500C2C041 /* Resources */,
			);
			buildRules = (
			);
			dependencies = (
				0B7FC4C81B5A978500C2C041 /* PBXTargetDependency */,
			);
			name = InterfacesTests;
			productName = InterfacesTests;
			productReference = 0B7FC4C61B5A978500C2C041 /* InterfacesTests.xctest */;
			productType = "com.apple.product-type.bundle.unit-test";
		};
/* End PBXNativeTarget section */

/* Begin PBXProject section */
		0B7FC4A51B5A978500C2C041 /* Project object */ = {
			isa = PBXProject;
			attributes = {
				LastUpgradeCheck = 0640;
				ORGANIZATIONNAME = "Artur Lan";
				TargetAttributes = {
					0B7FC4AC1B5A978500C2C041 = {
						CreatedOnToolsVersion = 6.4;
					};
					0B7FC4C51B5A978500C2C041 = {
						CreatedOnToolsVersion = 6.4;
						TestTargetID = 0B7FC4AC1B5A978500C2C041;
					};
				};
			};
			buildConfigurationList = 0B7FC4A81B5A978500C2C041 /* Build configuration list for PBXProject "Interfaces" */;
			compatibilityVersion = "Xcode 3.2";
			developmentRegion = English;
			hasScannedForEncodings = 0;
			knownRegions = (
				en,
				Base,
			);
			mainGroup = 0B7FC4A41B5A978500C2C041;
			productRefGroup = 0B7FC4AE1B5A978500C2C041 /* Products */;
			projectDirPath = "";
			projectRoot = "";
			targets = (
				0B7FC4AC1B5A978500C2C041 /* Interfaces */,
				0B7FC4C51B5A978500C2C041 /* InterfacesTests */,
			);
		};
/* End PBXProject section */

/* Begin PBXResourcesBuildPhase section */
		0B7FC4AB1B5A978500C2C041 /* Resources */ = {
			isa = PBXResourcesBuildPhase;
			buildActionMask = 2147483647;
			files = (
				0B7FC4BC1B5A978500C2C041 /* Main.storyboard in Resources */,
				0B7FC4C11B5A978500C2C041 /* LaunchScreen.xib in Resources */,
				0B7FC4BE1B5A978500C2C041 /* Images.xcassets in Resources */,
			);
			runOnlyForDeploymentPostprocessing = 0;
		};
		0B7FC4C41B5A978500C2C041 /* Resources */ = {
			isa = PBXResourcesBuildPhase;
			buildActionMask = 2147483647;
			files = (
			);
			runOnlyForDeploymentPostprocessing = 0;
		};
/* End PBXResourcesBuildPhase section */

/* Begin PBXSourcesBuildPhase section */
		0B7FC4A91B5A978500C2C041 /* Sources */ = {
			isa = PBXSourcesBuildPhase;
			buildActionMask = 2147483647;
			files = (
				0B7FC4B91B5A978500C2C041 /* ViewController.m in Sources */,
				0B7FC4B61B5A978500C2C041 /* AppDelegate.m in Sources */,
				0B7FC4B31B5A978500C2C041 /* main.m in Sources */,
			);
			runOnlyForDeploymentPostprocessing = 0;
		};
		0B7FC4C21B5A978500C2C041 /* Sources */ = {
			isa = PBXSourcesBuildPhase;
			buildActionMask = 2147483647;
			files = (
				0B7FC4CD1B5A978500C2C041 /* InterfacesTests.m in Sources */,
			);
			runOnlyForDeploymentPostprocessing = 0;
		};
/* End PBXSourcesBuildPhase section */

/* Begin PBXTargetDependency section */
		0B7FC4C81B5A978500C2C041 /* PBXTargetDependency */ = {
			isa = PBXTargetDependency;
			target = 0B7FC4AC1B5A978500C2C041 /* Interfaces */;
			targetProxy = 0B7FC4C71B5A978500C2C041 /* PBXContainerItemProxy */;
		};
/* End PBXTargetDependency section */

/* Begin PBXVariantGroup section */
		0B7FC4BA1B5A978500C2C041 /* Main.storyboard */ = {
			isa = PBXVariantGroup;
			children = (
				0B7FC4BB1B5A978500C2C041 /* Base */,
			);
			name = Main.storyboard;
			sourceTree = "<group>";
		};
		0B7FC4BF1B5A978500C2C041 /* LaunchScreen.xib */ = {
			isa = PBXVariantGroup;
			children = (
				0B7FC4C01B5A978500C2C041 /* Base */,
			);
			name = LaunchScreen.xib;
			sourceTree = "<group>";
		};
/* End PBXVariantGroup section */

/* Begin XCBuildConfiguration section */
		0B7FC4CE1B5A978500C2C041 /* Debug */ = {
			isa = XCBuildConfiguration;
			buildSettings = {
				ALWAYS_SEARCH_USER_PATHS = NO;
				CLANG_CXX_LANGUAGE_STANDARD = "gnu++0x";
				CLANG_CXX_LIBRARY = "libc++";
				CLANG_ENABLE_MODULES = YES;
				CLANG_ENABLE_OBJC_ARC = YES;
				CLANG_WARN_BOOL_CONVERSION = YES;
				CLANG_WARN_CONSTANT_CONVERSION = YES;
				CLANG_WARN_DIRECT_OBJC_ISA_USAGE = YES_ERROR;
				CLANG_WARN_EMPTY_BODY = YES;
				CLANG_WARN_ENUM_CONVERSION = YES;
				CLANG_WARN_INT_CONVERSION = YES;
				CLANG_WARN_OBJC_ROOT_CLASS = YES_ERROR;
				CLANG_WARN_UNREACHABLE_CODE = YES;
				CLANG_WARN__DUPLICATE_METHOD_MATCH = YES;
				"CODE_SIGN_IDENTITY[sdk=iphoneos*]" = "iPhone Developer";
				COPY_PHASE_STRIP = NO;
				DEBUG_INFORMATION_FORMAT = "dwarf-with-dsym";
				ENABLE_STRICT_OBJC_MSGSEND = YES;
				GCC_C_LANGUAGE_STANDARD = gnu99;
				GCC_DYNAMIC_NO_PIC = NO;
				GCC_NO_COMMON_BLOCKS = YES;
				GCC_OPTIMIZATION_LEVEL = 0;
				GCC_PREPROCESSOR_DEFINITIONS = (
					"DEBUG=1",
					"$(inherited)",
				);
				GCC_SYMBOLS_PRIVATE_EXTERN = NO;
				GCC_WARN_64_TO_32_BIT_CONVERSION = YES;
				GCC_WARN_ABOUT_RETURN_TYPE = YES_ERROR;
				GCC_WARN_UNDECLARED_SELECTOR = YES;
				GCC_WARN_UNINITIALIZED_AUTOS = YES_AGGRESSIVE;
				GCC_WARN_UNUSED_FUNCTION = YES;
				GCC_WARN_UNUSED_VARIABLE = YES;
				IPHONEOS_DEPLOYMENT_TARGET = 8.4;
				MTL_ENABLE_DEBUG_INFO = YES;
				ONLY_ACTIVE_ARCH = YES;
				SDKROOT = iphoneos;
				TARGETED_DEVICE_FAMILY = "1,2";
			};
			name = Debug;
		};
		0B7FC4CF1B5A978500C2C041 /* Release */ = {
			isa = XCBuildConfiguration;
			buildSettings = {
				ALWAYS_SEARCH_USER_PATHS = NO;
				CLANG_CXX_LANGUAGE_STANDARD = "gnu++0x";
				CLANG_CXX_LIBRARY = "libc++";
				CLANG_ENABLE_MODULES = YES;
				CLANG_ENABLE_OBJC_ARC = YES;
				CLANG_WARN_BOOL_CONVERSION = YES;
				CLANG_WARN_CONSTANT_CONVERSION = YES;
				CLANG_WARN_DIRECT_OBJC_ISA_USAGE = YES_ERROR;
				CLANG_WARN_EMPTY_BODY = YES;
				CLANG_WARN_ENUM_CONVERSION = YES;
				CLANG_WARN_INT_CONVERSION = YES;
				CLANG_WARN_OBJC_ROOT_CLASS = YES_ERROR;
				CLANG_WARN_UNREACHABLE_CODE = YES;
				CLANG_WARN__DUPLICATE_METHOD_MATCH = YES;
				"CODE_SIGN_IDENTITY[sdk=iphoneos*]" = "iPhone Developer";
				COPY_PHASE_STRIP = NO;
				DEBUG_INFORMATION_FORMAT = "dwarf-with-dsym";
				ENABLE_NS_ASSERTIONS = NO;
				ENABLE_STRICT_OBJC_MSGSEND = YES;
				GCC_C_LANGUAGE_STANDARD = gnu99;
				GCC_NO_COMMON_BLOCKS = YES;
				GCC_WARN_64_TO_32_BIT_CONVERSION = YES;
				GCC_WARN_ABOUT_RETURN_TYPE = YES_ERROR;
				GCC_WARN_UNDECLARED_SELECTOR = YES;
				GCC_WARN_UNINITIALIZED_AUTOS = YES_AGGRESSIVE;
				GCC_WARN_UNUSED_FUNCTION = YES;
				GCC_WARN_UNUSED_VARIABLE = YES;
				IPHONEOS_DEPLOYMENT_TARGET = 8.4;
				MTL_ENABLE_DEBUG_INFO = NO;
				SDKROOT = iphoneos;
				TARGETED_DEVICE_FAMILY = "1,2";
				VALIDATE_PRODUCT = YES;
			};
			name = Release;
		};
		0B7FC4D11B5A978500C2C041 /* Debug */ = {
			isa = XCBuildConfiguration;
			buildSettings = {
				ASSETCATALOG_COMPILER_APPICON_NAME = AppIcon;
				INFOPLIST_FILE = Interfaces/Info.plist;
				LD_RUNPATH_SEARCH_PATHS = "$(inherited) @executable_path/Frameworks";
				PRODUCT_NAME = "$(TARGET_NAME)";
			};
			name = Debug;
		};
		0B7FC4D21B5A978500C2C041 /* Release */ = {
			isa = XCBuildConfiguration;
			buildSettings = {
				ASSETCATALOG_COMPILER_APPICON_NAME = AppIcon;
				INFOPLIST_FILE = Interfaces/Info.plist;
				LD_RUNPATH_SEARCH_PATHS = "$(inherited) @executable_path/Frameworks";
				PRODUCT_NAME = "$(TARGET_NAME)";
			};
			name = Release;
		};
		0B7FC4D41B5A978500C2C041 /* Debug */ = {
			isa = XCBuildConfiguration;
			buildSettings = {
				BUNDLE_LOADER = "$(TEST_HOST)";
				FRAMEWORK_SEARCH_PATHS = (
					"$(SDKROOT)/Developer/Library/Frameworks",
					"$(inherited)",
				);
				GCC_PREPROCESSOR_DEFINITIONS = (
					"DEBUG=1",
					"$(inherited)",
				);
				INFOPLIST_FILE = InterfacesTests/Info.plist;
				LD_RUNPATH_SEARCH_PATHS = "$(inherited) @executable_path/Frameworks @loader_path/Frameworks";
				PRODUCT_NAME = "$(TARGET_NAME)";
				TEST_HOST = "$(BUILT_PRODUCTS_DIR)/Interfaces.app/Interfaces";
			};
			name = Debug;
		};
		0B7FC4D51B5A978500C2C041 /* Release */ = {
			isa = XCBuildConfiguration;
			buildSettings = {
				BUNDLE_LOADER = "$(TEST_HOST)";
				FRAMEWORK_SEARCH_PATHS = (
					"$(SDKROOT)/Developer/Library/Frameworks",
					"$(inherited)",
				);
				INFOPLIST_FILE = InterfacesTests/Info.plist;
				LD_RUNPATH_SEARCH_PATHS = "$(inherited) @executable_path/Frameworks @loader_path/Frameworks";
				PRODUCT_NAME = "$(TARGET_NAME)";
				TEST_HOST = "$(BUILT_PRODUCTS_DIR)/Interfaces.app/Interfaces";
			};
			name = Release;
		};
/* End XCBuildConfiguration section */

/* Begin XCConfigurationList section */
		0B7FC4A81B5A978500C2C041 /* Build configuration list for PBXProject "Interfaces" */ = {
			isa = XCConfigurationList;
			buildConfigurations = (
				0B7FC4CE1B5A978500C2C041 /* Debug */,
				0B7FC4CF1B5A978500C2C041 /* Release */,
			);
			defaultConfigurationIsVisible = 0;
			defaultConfigurationName = Release;
		};
		0B7FC4D01B5A978500C2C041 /* Build configuration list for PBXNativeTarget "Interfaces" */ = {
			isa = XCConfigurationList;
			buildConfigurations = (
				0B7FC4D11B5A978500C2C041 /* Debug */,
				0B7FC4D21B5A978500C2C041 /* Release */,
			);
			defaultConfigurationIsVisible = 0;
		};
		0B7FC4D31B5A978500C2C041 /* Build configuration list for PBXNativeTarget "InterfacesTests" */ = {
			isa = XCConfigurationList;
			buildConfigurations = (
				0B7FC4D41B5A978500C2C041 /* Debug */,
				0B7FC4D51B5A978500C2C041 /* Release */,
			);
			defaultConfigurationIsVisible = 0;
		};
/* End XCConfigurationList section */
	};
	rootObject = 0B7FC4A51B5A978500C2C041 /* Project object */;
}
