// !$*UTF8*$!
{
	archiveVersion = 1;
	classes = {
	};
	objectVersion = 46;
	objects = {

/* Begin PBXBuildFile section */
		0BC87C9E1B65224F00BA2F75 /* main.m in Sources */ = {isa = PBXBuildFile; fileRef = 0BC87C9D1B65224F00BA2F75 /* main.m */; };
		0BC87CA11B65224F00BA2F75 /* AppDelegate.m in Sources */ = {isa = PBXBuildFile; fileRef = 0BC87CA01B65224F00BA2F75 /* AppDelegate.m */; };
		0BC87CA41B65224F00BA2F75 /* ViewController.m in Sources */ = {isa = PBXBuildFile; fileRef = 0BC87CA31B65224F00BA2F75 /* ViewController.m */; };
		0BC87CA71B65224F00BA2F75 /* Main.storyboard in Resources */ = {isa = PBXBuildFile; fileRef = 0BC87CA51B65224F00BA2F75 /* Main.storyboard */; };
		0BC87CA91B65224F00BA2F75 /* Images.xcassets in Resources */ = {isa = PBXBuildFile; fileRef = 0BC87CA81B65224F00BA2F75 /* Images.xcassets */; };
		0BC87CAC1B65224F00BA2F75 /* LaunchScreen.xib in Resources */ = {isa = PBXBuildFile; fileRef = 0BC87CAA1B65224F00BA2F75 /* LaunchScreen.xib */; };
		0BC87CB81B65224F00BA2F75 /* PKTableViewsTests.m in Sources */ = {isa = PBXBuildFile; fileRef = 0BC87CB71B65224F00BA2F75 /* PKTableViewsTests.m */; };
		0BC87CC31B6522D000BA2F75 /* PKPokemonTableViewController.m in Sources */ = {isa = PBXBuildFile; fileRef = 0BC87CC21B6522D000BA2F75 /* PKPokemonTableViewController.m */; };
/* End PBXBuildFile section */

/* Begin PBXContainerItemProxy section */
		0BC87CB21B65224F00BA2F75 /* PBXContainerItemProxy */ = {
			isa = PBXContainerItemProxy;
			containerPortal = 0BC87C901B65224E00BA2F75 /* Project object */;
			proxyType = 1;
			remoteGlobalIDString = 0BC87C971B65224E00BA2F75;
			remoteInfo = PKTableViews;
		};
/* End PBXContainerItemProxy section */

/* Begin PBXFileReference section */
		0BC87C981B65224E00BA2F75 /* PKTableViews.app */ = {isa = PBXFileReference; explicitFileType = wrapper.application; includeInIndex = 0; path = PKTableViews.app; sourceTree = BUILT_PRODUCTS_DIR; };
		0BC87C9C1B65224F00BA2F75 /* Info.plist */ = {isa = PBXFileReference; lastKnownFileType = text.plist.xml; path = Info.plist; sourceTree = "<group>"; };
		0BC87C9D1B65224F00BA2F75 /* main.m */ = {isa = PBXFileReference; lastKnownFileType = sourcecode.c.objc; path = main.m; sourceTree = "<group>"; };
		0BC87C9F1B65224F00BA2F75 /* AppDelegate.h */ = {isa = PBXFileReference; lastKnownFileType = sourcecode.c.h; path = AppDelegate.h; sourceTree = "<group>"; };
		0BC87CA01B65224F00BA2F75 /* AppDelegate.m */ = {isa = PBXFileReference; lastKnownFileType = sourcecode.c.objc; path = AppDelegate.m; sourceTree = "<group>"; };
		0BC87CA21B65224F00BA2F75 /* ViewController.h */ = {isa = PBXFileReference; lastKnownFileType = sourcecode.c.h; path = ViewController.h; sourceTree = "<group>"; };
		0BC87CA31B65224F00BA2F75 /* ViewController.m */ = {isa = PBXFileReference; lastKnownFileType = sourcecode.c.objc; path = ViewController.m; sourceTree = "<group>"; };
		0BC87CA61B65224F00BA2F75 /* Base */ = {isa = PBXFileReference; lastKnownFileType = file.storyboard; name = Base; path = Base.lproj/Main.storyboard; sourceTree = "<group>"; };
		0BC87CA81B65224F00BA2F75 /* Images.xcassets */ = {isa = PBXFileReference; lastKnownFileType = folder.assetcatalog; path = Images.xcassets; sourceTree = "<group>"; };
		0BC87CAB1B65224F00BA2F75 /* Base */ = {isa = PBXFileReference; lastKnownFileType = file.xib; name = Base; path = Base.lproj/LaunchScreen.xib; sourceTree = "<group>"; };
		0BC87CB11B65224F00BA2F75 /* PKTableViewsTests.xctest */ = {isa = PBXFileReference; explicitFileType = wrapper.cfbundle; includeInIndex = 0; path = PKTableViewsTests.xctest; sourceTree = BUILT_PRODUCTS_DIR; };
		0BC87CB61B65224F00BA2F75 /* Info.plist */ = {isa = PBXFileReference; lastKnownFileType = text.plist.xml; path = Info.plist; sourceTree = "<group>"; };
		0BC87CB71B65224F00BA2F75 /* PKTableViewsTests.m */ = {isa = PBXFileReference; lastKnownFileType = sourcecode.c.objc; path = PKTableViewsTests.m; sourceTree = "<group>"; };
		0BC87CC11B6522D000BA2F75 /* PKPokemonTableViewController.h */ = {isa = PBXFileReference; fileEncoding = 4; lastKnownFileType = sourcecode.c.h; path = PKPokemonTableViewController.h; sourceTree = "<group>"; };
		0BC87CC21B6522D000BA2F75 /* PKPokemonTableViewController.m */ = {isa = PBXFileReference; fileEncoding = 4; lastKnownFileType = sourcecode.c.objc; path = PKPokemonTableViewController.m; sourceTree = "<group>"; };
/* End PBXFileReference section */

/* Begin PBXFrameworksBuildPhase section */
		0BC87C951B65224E00BA2F75 /* Frameworks */ = {
			isa = PBXFrameworksBuildPhase;
			buildActionMask = 2147483647;
			files = (
			);
			runOnlyForDeploymentPostprocessing = 0;
		};
		0BC87CAE1B65224F00BA2F75 /* Frameworks */ = {
			isa = PBXFrameworksBuildPhase;
			buildActionMask = 2147483647;
			files = (
			);
			runOnlyForDeploymentPostprocessing = 0;
		};
/* End PBXFrameworksBuildPhase section */

/* Begin PBXGroup section */
		0BC87C8F1B65224E00BA2F75 = {
			isa = PBXGroup;
			children = (
				0BC87C9A1B65224E00BA2F75 /* PKTableViews */,
				0BC87CB41B65224F00BA2F75 /* PKTableViewsTests */,
				0BC87C991B65224E00BA2F75 /* Products */,
			);
			sourceTree = "<group>";
		};
		0BC87C991B65224E00BA2F75 /* Products */ = {
			isa = PBXGroup;
			children = (
				0BC87C981B65224E00BA2F75 /* PKTableViews.app */,
				0BC87CB11B65224F00BA2F75 /* PKTableViewsTests.xctest */,
			);
			name = Products;
			sourceTree = "<group>";
		};
		0BC87C9A1B65224E00BA2F75 /* PKTableViews */ = {
			isa = PBXGroup;
			children = (
				0BC87C9F1B65224F00BA2F75 /* AppDelegate.h */,
				0BC87CA01B65224F00BA2F75 /* AppDelegate.m */,
				0BC87CA21B65224F00BA2F75 /* ViewController.h */,
				0BC87CA31B65224F00BA2F75 /* ViewController.m */,
				0BC87CA51B65224F00BA2F75 /* Main.storyboard */,
				0BC87CC11B6522D000BA2F75 /* PKPokemonTableViewController.h */,
				0BC87CC21B6522D000BA2F75 /* PKPokemonTableViewController.m */,
				0BC87CA81B65224F00BA2F75 /* Images.xcassets */,
				0BC87CAA1B65224F00BA2F75 /* LaunchScreen.xib */,
				0BC87C9B1B65224E00BA2F75 /* Supporting Files */,
			);
			path = PKTableViews;
			sourceTree = "<group>";
		};
		0BC87C9B1B65224E00BA2F75 /* Supporting Files */ = {
			isa = PBXGroup;
			children = (
				0BC87C9C1B65224F00BA2F75 /* Info.plist */,
				0BC87C9D1B65224F00BA2F75 /* main.m */,
			);
			name = "Supporting Files";
			sourceTree = "<group>";
		};
		0BC87CB41B65224F00BA2F75 /* PKTableViewsTests */ = {
			isa = PBXGroup;
			children = (
				0BC87CB71B65224F00BA2F75 /* PKTableViewsTests.m */,
				0BC87CB51B65224F00BA2F75 /* Supporting Files */,
			);
			path = PKTableViewsTests;
			sourceTree = "<group>";
		};
		0BC87CB51B65224F00BA2F75 /* Supporting Files */ = {
			isa = PBXGroup;
			children = (
				0BC87CB61B65224F00BA2F75 /* Info.plist */,
			);
			name = "Supporting Files";
			sourceTree = "<group>";
		};
/* End PBXGroup section */

/* Begin PBXNativeTarget section */
		0BC87C971B65224E00BA2F75 /* PKTableViews */ = {
			isa = PBXNativeTarget;
			buildConfigurationList = 0BC87CBB1B65224F00BA2F75 /* Build configuration list for PBXNativeTarget "PKTableViews" */;
			buildPhases = (
				0BC87C941B65224E00BA2F75 /* Sources */,
				0BC87C951B65224E00BA2F75 /* Frameworks */,
				0BC87C961B65224E00BA2F75 /* Resources */,
			);
			buildRules = (
			);
			dependencies = (
			);
			name = PKTableViews;
			productName = PKTableViews;
			productReference = 0BC87C981B65224E00BA2F75 /* PKTableViews.app */;
			productType = "com.apple.product-type.application";
		};
		0BC87CB01B65224F00BA2F75 /* PKTableViewsTests */ = {
			isa = PBXNativeTarget;
			buildConfigurationList = 0BC87CBE1B65224F00BA2F75 /* Build configuration list for PBXNativeTarget "PKTableViewsTests" */;
			buildPhases = (
				0BC87CAD1B65224F00BA2F75 /* Sources */,
				0BC87CAE1B65224F00BA2F75 /* Frameworks */,
				0BC87CAF1B65224F00BA2F75 /* Resources */,
			);
			buildRules = (
			);
			dependencies = (
				0BC87CB31B65224F00BA2F75 /* PBXTargetDependency */,
			);
			name = PKTableViewsTests;
			productName = PKTableViewsTests;
			productReference = 0BC87CB11B65224F00BA2F75 /* PKTableViewsTests.xctest */;
			productType = "com.apple.product-type.bundle.unit-test";
		};
/* End PBXNativeTarget section */

/* Begin PBXProject section */
		0BC87C901B65224E00BA2F75 /* Project object */ = {
			isa = PBXProject;
			attributes = {
				LastUpgradeCheck = 0640;
				ORGANIZATIONNAME = "Artur Lan";
				TargetAttributes = {
					0BC87C971B65224E00BA2F75 = {
						CreatedOnToolsVersion = 6.4;
					};
					0BC87CB01B65224F00BA2F75 = {
						CreatedOnToolsVersion = 6.4;
						TestTargetID = 0BC87C971B65224E00BA2F75;
					};
				};
			};
			buildConfigurationList = 0BC87C931B65224E00BA2F75 /* Build configuration list for PBXProject "PKTableViews" */;
			compatibilityVersion = "Xcode 3.2";
			developmentRegion = English;
			hasScannedForEncodings = 0;
			knownRegions = (
				en,
				Base,
			);
			mainGroup = 0BC87C8F1B65224E00BA2F75;
			productRefGroup = 0BC87C991B65224E00BA2F75 /* Products */;
			projectDirPath = "";
			projectRoot = "";
			targets = (
				0BC87C971B65224E00BA2F75 /* PKTableViews */,
				0BC87CB01B65224F00BA2F75 /* PKTableViewsTests */,
			);
		};
/* End PBXProject section */

/* Begin PBXResourcesBuildPhase section */
		0BC87C961B65224E00BA2F75 /* Resources */ = {
			isa = PBXResourcesBuildPhase;
			buildActionMask = 2147483647;
			files = (
				0BC87CA71B65224F00BA2F75 /* Main.storyboard in Resources */,
				0BC87CAC1B65224F00BA2F75 /* LaunchScreen.xib in Resources */,
				0BC87CA91B65224F00BA2F75 /* Images.xcassets in Resources */,
			);
			runOnlyForDeploymentPostprocessing = 0;
		};
		0BC87CAF1B65224F00BA2F75 /* Resources */ = {
			isa = PBXResourcesBuildPhase;
			buildActionMask = 2147483647;
			files = (
			);
			runOnlyForDeploymentPostprocessing = 0;
		};
/* End PBXResourcesBuildPhase section */

/* Begin PBXSourcesBuildPhase section */
		0BC87C941B65224E00BA2F75 /* Sources */ = {
			isa = PBXSourcesBuildPhase;
			buildActionMask = 2147483647;
			files = (
				0BC87CC31B6522D000BA2F75 /* PKPokemonTableViewController.m in Sources */,
				0BC87CA41B65224F00BA2F75 /* ViewController.m in Sources */,
				0BC87CA11B65224F00BA2F75 /* AppDelegate.m in Sources */,
				0BC87C9E1B65224F00BA2F75 /* main.m in Sources */,
			);
			runOnlyForDeploymentPostprocessing = 0;
		};
		0BC87CAD1B65224F00BA2F75 /* Sources */ = {
			isa = PBXSourcesBuildPhase;
			buildActionMask = 2147483647;
			files = (
				0BC87CB81B65224F00BA2F75 /* PKTableViewsTests.m in Sources */,
			);
			runOnlyForDeploymentPostprocessing = 0;
		};
/* End PBXSourcesBuildPhase section */

/* Begin PBXTargetDependency section */
		0BC87CB31B65224F00BA2F75 /* PBXTargetDependency */ = {
			isa = PBXTargetDependency;
			target = 0BC87C971B65224E00BA2F75 /* PKTableViews */;
			targetProxy = 0BC87CB21B65224F00BA2F75 /* PBXContainerItemProxy */;
		};
/* End PBXTargetDependency section */

/* Begin PBXVariantGroup section */
		0BC87CA51B65224F00BA2F75 /* Main.storyboard */ = {
			isa = PBXVariantGroup;
			children = (
				0BC87CA61B65224F00BA2F75 /* Base */,
			);
			name = Main.storyboard;
			sourceTree = "<group>";
		};
		0BC87CAA1B65224F00BA2F75 /* LaunchScreen.xib */ = {
			isa = PBXVariantGroup;
			children = (
				0BC87CAB1B65224F00BA2F75 /* Base */,
			);
			name = LaunchScreen.xib;
			sourceTree = "<group>";
		};
/* End PBXVariantGroup section */

/* Begin XCBuildConfiguration section */
		0BC87CB91B65224F00BA2F75 /* Debug */ = {
			isa = XCBuildConfiguration;
			buildSettings = {
				ALWAYS_SEARCH_USER_PATHS = NO;
				CLANG_CXX_LANGUAGE_STANDARD = "gnu++0x";
				CLANG_CXX_LIBRARY = "libc++";
				CLANG_ENABLE_MODULES = YES;
				CLANG_ENABLE_OBJC_ARC = YES;
				CLANG_WARN_BOOL_CONVERSION = YES;
				CLANG_WARN_CONSTANT_CONVERSION = YES;
				CLANG_WARN_DIRECT_OBJC_ISA_USAGE = YES_ERROR;
				CLANG_WARN_EMPTY_BODY = YES;
				CLANG_WARN_ENUM_CONVERSION = YES;
				CLANG_WARN_INT_CONVERSION = YES;
				CLANG_WARN_OBJC_ROOT_CLASS = YES_ERROR;
				CLANG_WARN_UNREACHABLE_CODE = YES;
				CLANG_WARN__DUPLICATE_METHOD_MATCH = YES;
				"CODE_SIGN_IDENTITY[sdk=iphoneos*]" = "iPhone Developer";
				COPY_PHASE_STRIP = NO;
				DEBUG_INFORMATION_FORMAT = "dwarf-with-dsym";
				ENABLE_STRICT_OBJC_MSGSEND = YES;
				GCC_C_LANGUAGE_STANDARD = gnu99;
				GCC_DYNAMIC_NO_PIC = NO;
				GCC_NO_COMMON_BLOCKS = YES;
				GCC_OPTIMIZATION_LEVEL = 0;
				GCC_PREPROCESSOR_DEFINITIONS = (
					"DEBUG=1",
					"$(inherited)",
				);
				GCC_SYMBOLS_PRIVATE_EXTERN = NO;
				GCC_WARN_64_TO_32_BIT_CONVERSION = YES;
				GCC_WARN_ABOUT_RETURN_TYPE = YES_ERROR;
				GCC_WARN_UNDECLARED_SELECTOR = YES;
				GCC_WARN_UNINITIALIZED_AUTOS = YES_AGGRESSIVE;
				GCC_WARN_UNUSED_FUNCTION = YES;
				GCC_WARN_UNUSED_VARIABLE = YES;
				IPHONEOS_DEPLOYMENT_TARGET = 8.4;
				MTL_ENABLE_DEBUG_INFO = YES;
				ONLY_ACTIVE_ARCH = YES;
				SDKROOT = iphoneos;
				TARGETED_DEVICE_FAMILY = "1,2";
			};
			name = Debug;
		};
		0BC87CBA1B65224F00BA2F75 /* Release */ = {
			isa = XCBuildConfiguration;
			buildSettings = {
				ALWAYS_SEARCH_USER_PATHS = NO;
				CLANG_CXX_LANGUAGE_STANDARD = "gnu++0x";
				CLANG_CXX_LIBRARY = "libc++";
				CLANG_ENABLE_MODULES = YES;
				CLANG_ENABLE_OBJC_ARC = YES;
				CLANG_WARN_BOOL_CONVERSION = YES;
				CLANG_WARN_CONSTANT_CONVERSION = YES;
				CLANG_WARN_DIRECT_OBJC_ISA_USAGE = YES_ERROR;
				CLANG_WARN_EMPTY_BODY = YES;
				CLANG_WARN_ENUM_CONVERSION = YES;
				CLANG_WARN_INT_CONVERSION = YES;
				CLANG_WARN_OBJC_ROOT_CLASS = YES_ERROR;
				CLANG_WARN_UNREACHABLE_CODE = YES;
				CLANG_WARN__DUPLICATE_METHOD_MATCH = YES;
				"CODE_SIGN_IDENTITY[sdk=iphoneos*]" = "iPhone Developer";
				COPY_PHASE_STRIP = NO;
				DEBUG_INFORMATION_FORMAT = "dwarf-with-dsym";
				ENABLE_NS_ASSERTIONS = NO;
				ENABLE_STRICT_OBJC_MSGSEND = YES;
				GCC_C_LANGUAGE_STANDARD = gnu99;
				GCC_NO_COMMON_BLOCKS = YES;
				GCC_WARN_64_TO_32_BIT_CONVERSION = YES;
				GCC_WARN_ABOUT_RETURN_TYPE = YES_ERROR;
				GCC_WARN_UNDECLARED_SELECTOR = YES;
				GCC_WARN_UNINITIALIZED_AUTOS = YES_AGGRESSIVE;
				GCC_WARN_UNUSED_FUNCTION = YES;
				GCC_WARN_UNUSED_VARIABLE = YES;
				IPHONEOS_DEPLOYMENT_TARGET = 8.4;
				MTL_ENABLE_DEBUG_INFO = NO;
				SDKROOT = iphoneos;
				TARGETED_DEVICE_FAMILY = "1,2";
				VALIDATE_PRODUCT = YES;
			};
			name = Release;
		};
		0BC87CBC1B65224F00BA2F75 /* Debug */ = {
			isa = XCBuildConfiguration;
			buildSettings = {
				ASSETCATALOG_COMPILER_APPICON_NAME = AppIcon;
				INFOPLIST_FILE = PKTableViews/Info.plist;
				LD_RUNPATH_SEARCH_PATHS = "$(inherited) @executable_path/Frameworks";
				PRODUCT_NAME = "$(TARGET_NAME)";
			};
			name = Debug;
		};
		0BC87CBD1B65224F00BA2F75 /* Release */ = {
			isa = XCBuildConfiguration;
			buildSettings = {
				ASSETCATALOG_COMPILER_APPICON_NAME = AppIcon;
				INFOPLIST_FILE = PKTableViews/Info.plist;
				LD_RUNPATH_SEARCH_PATHS = "$(inherited) @executable_path/Frameworks";
				PRODUCT_NAME = "$(TARGET_NAME)";
			};
			name = Release;
		};
		0BC87CBF1B65224F00BA2F75 /* Debug */ = {
			isa = XCBuildConfiguration;
			buildSettings = {
				BUNDLE_LOADER = "$(TEST_HOST)";
				FRAMEWORK_SEARCH_PATHS = (
					"$(SDKROOT)/Developer/Library/Frameworks",
					"$(inherited)",
				);
				GCC_PREPROCESSOR_DEFINITIONS = (
					"DEBUG=1",
					"$(inherited)",
				);
				INFOPLIST_FILE = PKTableViewsTests/Info.plist;
				LD_RUNPATH_SEARCH_PATHS = "$(inherited) @executable_path/Frameworks @loader_path/Frameworks";
				PRODUCT_NAME = "$(TARGET_NAME)";
				TEST_HOST = "$(BUILT_PRODUCTS_DIR)/PKTableViews.app/PKTableViews";
			};
			name = Debug;
		};
		0BC87CC01B65224F00BA2F75 /* Release */ = {
			isa = XCBuildConfiguration;
			buildSettings = {
				BUNDLE_LOADER = "$(TEST_HOST)";
				FRAMEWORK_SEARCH_PATHS = (
					"$(SDKROOT)/Developer/Library/Frameworks",
					"$(inherited)",
				);
				INFOPLIST_FILE = PKTableViewsTests/Info.plist;
				LD_RUNPATH_SEARCH_PATHS = "$(inherited) @executable_path/Frameworks @loader_path/Frameworks";
				PRODUCT_NAME = "$(TARGET_NAME)";
				TEST_HOST = "$(BUILT_PRODUCTS_DIR)/PKTableViews.app/PKTableViews";
			};
			name = Release;
		};
/* End XCBuildConfiguration section */

/* Begin XCConfigurationList section */
		0BC87C931B65224E00BA2F75 /* Build configuration list for PBXProject "PKTableViews" */ = {
			isa = XCConfigurationList;
			buildConfigurations = (
				0BC87CB91B65224F00BA2F75 /* Debug */,
				0BC87CBA1B65224F00BA2F75 /* Release */,
			);
			defaultConfigurationIsVisible = 0;
			defaultConfigurationName = Release;
		};
		0BC87CBB1B65224F00BA2F75 /* Build configuration list for PBXNativeTarget "PKTableViews" */ = {
			isa = XCConfigurationList;
			buildConfigurations = (
				0BC87CBC1B65224F00BA2F75 /* Debug */,
				0BC87CBD1B65224F00BA2F75 /* Release */,
			);
			defaultConfigurationIsVisible = 0;
		};
		0BC87CBE1B65224F00BA2F75 /* Build configuration list for PBXNativeTarget "PKTableViewsTests" */ = {
			isa = XCConfigurationList;
			buildConfigurations = (
				0BC87CBF1B65224F00BA2F75 /* Debug */,
				0BC87CC01B65224F00BA2F75 /* Release */,
			);
			defaultConfigurationIsVisible = 0;
		};
/* End XCConfigurationList section */
	};
	rootObject = 0BC87C901B65224E00BA2F75 /* Project object */;
}
