// !$*UTF8*$!
{
	archiveVersion = 1;
	classes = {
	};
	objectVersion = 46;
	objects = {

/* Begin PBXBuildFile section */
		0BD2AF321B77A3EF00804FCA /* main.m in Sources */ = {isa = PBXBuildFile; fileRef = 0BD2AF311B77A3EF00804FCA /* main.m */; };
		0BD2AF351B77A3EF00804FCA /* AppDelegate.m in Sources */ = {isa = PBXBuildFile; fileRef = 0BD2AF341B77A3EF00804FCA /* AppDelegate.m */; };
		0BD2AF381B77A3EF00804FCA /* ViewController.m in Sources */ = {isa = PBXBuildFile; fileRef = 0BD2AF371B77A3EF00804FCA /* ViewController.m */; };
		0BD2AF3B1B77A3EF00804FCA /* Main.storyboard in Resources */ = {isa = PBXBuildFile; fileRef = 0BD2AF391B77A3EF00804FCA /* Main.storyboard */; };
		0BD2AF3D1B77A3EF00804FCA /* Images.xcassets in Resources */ = {isa = PBXBuildFile; fileRef = 0BD2AF3C1B77A3EF00804FCA /* Images.xcassets */; };
		0BD2AF401B77A3EF00804FCA /* LaunchScreen.xib in Resources */ = {isa = PBXBuildFile; fileRef = 0BD2AF3E1B77A3EF00804FCA /* LaunchScreen.xib */; };
		0BD2AF4C1B77A3EF00804FCA /* DelegationTests.m in Sources */ = {isa = PBXBuildFile; fileRef = 0BD2AF4B1B77A3EF00804FCA /* DelegationTests.m */; };
		0BD2AF571B77B85000804FCA /* delegateTableViewController.m in Sources */ = {isa = PBXBuildFile; fileRef = 0BD2AF561B77B85000804FCA /* delegateTableViewController.m */; };
/* End PBXBuildFile section */

/* Begin PBXContainerItemProxy section */
		0BD2AF461B77A3EF00804FCA /* PBXContainerItemProxy */ = {
			isa = PBXContainerItemProxy;
			containerPortal = 0BD2AF241B77A3EE00804FCA /* Project object */;
			proxyType = 1;
			remoteGlobalIDString = 0BD2AF2B1B77A3EE00804FCA;
			remoteInfo = Delegation;
		};
/* End PBXContainerItemProxy section */

/* Begin PBXFileReference section */
		0BD2AF2C1B77A3EE00804FCA /* Delegation.app */ = {isa = PBXFileReference; explicitFileType = wrapper.application; includeInIndex = 0; path = Delegation.app; sourceTree = BUILT_PRODUCTS_DIR; };
		0BD2AF301B77A3EE00804FCA /* Info.plist */ = {isa = PBXFileReference; lastKnownFileType = text.plist.xml; path = Info.plist; sourceTree = "<group>"; };
		0BD2AF311B77A3EF00804FCA /* main.m */ = {isa = PBXFileReference; lastKnownFileType = sourcecode.c.objc; path = main.m; sourceTree = "<group>"; };
		0BD2AF331B77A3EF00804FCA /* AppDelegate.h */ = {isa = PBXFileReference; lastKnownFileType = sourcecode.c.h; path = AppDelegate.h; sourceTree = "<group>"; };
		0BD2AF341B77A3EF00804FCA /* AppDelegate.m */ = {isa = PBXFileReference; lastKnownFileType = sourcecode.c.objc; path = AppDelegate.m; sourceTree = "<group>"; };
		0BD2AF361B77A3EF00804FCA /* ViewController.h */ = {isa = PBXFileReference; lastKnownFileType = sourcecode.c.h; path = ViewController.h; sourceTree = "<group>"; };
		0BD2AF371B77A3EF00804FCA /* ViewController.m */ = {isa = PBXFileReference; lastKnownFileType = sourcecode.c.objc; path = ViewController.m; sourceTree = "<group>"; };
		0BD2AF3A1B77A3EF00804FCA /* Base */ = {isa = PBXFileReference; lastKnownFileType = file.storyboard; name = Base; path = Base.lproj/Main.storyboard; sourceTree = "<group>"; };
		0BD2AF3C1B77A3EF00804FCA /* Images.xcassets */ = {isa = PBXFileReference; lastKnownFileType = folder.assetcatalog; path = Images.xcassets; sourceTree = "<group>"; };
		0BD2AF3F1B77A3EF00804FCA /* Base */ = {isa = PBXFileReference; lastKnownFileType = file.xib; name = Base; path = Base.lproj/LaunchScreen.xib; sourceTree = "<group>"; };
		0BD2AF451B77A3EF00804FCA /* DelegationTests.xctest */ = {isa = PBXFileReference; explicitFileType = wrapper.cfbundle; includeInIndex = 0; path = DelegationTests.xctest; sourceTree = BUILT_PRODUCTS_DIR; };
		0BD2AF4A1B77A3EF00804FCA /* Info.plist */ = {isa = PBXFileReference; lastKnownFileType = text.plist.xml; path = Info.plist; sourceTree = "<group>"; };
		0BD2AF4B1B77A3EF00804FCA /* DelegationTests.m */ = {isa = PBXFileReference; lastKnownFileType = sourcecode.c.objc; path = DelegationTests.m; sourceTree = "<group>"; };
		0BD2AF551B77B85000804FCA /* delegateTableViewController.h */ = {isa = PBXFileReference; fileEncoding = 4; lastKnownFileType = sourcecode.c.h; path = delegateTableViewController.h; sourceTree = "<group>"; };
		0BD2AF561B77B85000804FCA /* delegateTableViewController.m */ = {isa = PBXFileReference; fileEncoding = 4; lastKnownFileType = sourcecode.c.objc; path = delegateTableViewController.m; sourceTree = "<group>"; };
/* End PBXFileReference section */

/* Begin PBXFrameworksBuildPhase section */
		0BD2AF291B77A3EE00804FCA /* Frameworks */ = {
			isa = PBXFrameworksBuildPhase;
			buildActionMask = 2147483647;
			files = (
			);
			runOnlyForDeploymentPostprocessing = 0;
		};
		0BD2AF421B77A3EF00804FCA /* Frameworks */ = {
			isa = PBXFrameworksBuildPhase;
			buildActionMask = 2147483647;
			files = (
			);
			runOnlyForDeploymentPostprocessing = 0;
		};
/* End PBXFrameworksBuildPhase section */

/* Begin PBXGroup section */
		0BD2AF231B77A3EE00804FCA = {
			isa = PBXGroup;
			children = (
				0BD2AF2E1B77A3EE00804FCA /* Delegation */,
				0BD2AF481B77A3EF00804FCA /* DelegationTests */,
				0BD2AF2D1B77A3EE00804FCA /* Products */,
			);
			sourceTree = "<group>";
		};
		0BD2AF2D1B77A3EE00804FCA /* Products */ = {
			isa = PBXGroup;
			children = (
				0BD2AF2C1B77A3EE00804FCA /* Delegation.app */,
				0BD2AF451B77A3EF00804FCA /* DelegationTests.xctest */,
			);
			name = Products;
			sourceTree = "<group>";
		};
		0BD2AF2E1B77A3EE00804FCA /* Delegation */ = {
			isa = PBXGroup;
			children = (
				0BD2AF331B77A3EF00804FCA /* AppDelegate.h */,
				0BD2AF341B77A3EF00804FCA /* AppDelegate.m */,
				0BD2AF361B77A3EF00804FCA /* ViewController.h */,
				0BD2AF371B77A3EF00804FCA /* ViewController.m */,
				0BD2AF551B77B85000804FCA /* delegateTableViewController.h */,
				0BD2AF561B77B85000804FCA /* delegateTableViewController.m */,
				0BD2AF391B77A3EF00804FCA /* Main.storyboard */,
				0BD2AF3C1B77A3EF00804FCA /* Images.xcassets */,
				0BD2AF3E1B77A3EF00804FCA /* LaunchScreen.xib */,
				0BD2AF2F1B77A3EE00804FCA /* Supporting Files */,
			);
			path = Delegation;
			sourceTree = "<group>";
		};
		0BD2AF2F1B77A3EE00804FCA /* Supporting Files */ = {
			isa = PBXGroup;
			children = (
				0BD2AF301B77A3EE00804FCA /* Info.plist */,
				0BD2AF311B77A3EF00804FCA /* main.m */,
			);
			name = "Supporting Files";
			sourceTree = "<group>";
		};
		0BD2AF481B77A3EF00804FCA /* DelegationTests */ = {
			isa = PBXGroup;
			children = (
				0BD2AF4B1B77A3EF00804FCA /* DelegationTests.m */,
				0BD2AF491B77A3EF00804FCA /* Supporting Files */,
			);
			path = DelegationTests;
			sourceTree = "<group>";
		};
		0BD2AF491B77A3EF00804FCA /* Supporting Files */ = {
			isa = PBXGroup;
			children = (
				0BD2AF4A1B77A3EF00804FCA /* Info.plist */,
			);
			name = "Supporting Files";
			sourceTree = "<group>";
		};
/* End PBXGroup section */

/* Begin PBXNativeTarget section */
		0BD2AF2B1B77A3EE00804FCA /* Delegation */ = {
			isa = PBXNativeTarget;
			buildConfigurationList = 0BD2AF4F1B77A3EF00804FCA /* Build configuration list for PBXNativeTarget "Delegation" */;
			buildPhases = (
				0BD2AF281B77A3EE00804FCA /* Sources */,
				0BD2AF291B77A3EE00804FCA /* Frameworks */,
				0BD2AF2A1B77A3EE00804FCA /* Resources */,
			);
			buildRules = (
			);
			dependencies = (
			);
			name = Delegation;
			productName = Delegation;
			productReference = 0BD2AF2C1B77A3EE00804FCA /* Delegation.app */;
			productType = "com.apple.product-type.application";
		};
		0BD2AF441B77A3EF00804FCA /* DelegationTests */ = {
			isa = PBXNativeTarget;
			buildConfigurationList = 0BD2AF521B77A3EF00804FCA /* Build configuration list for PBXNativeTarget "DelegationTests" */;
			buildPhases = (
				0BD2AF411B77A3EF00804FCA /* Sources */,
				0BD2AF421B77A3EF00804FCA /* Frameworks */,
				0BD2AF431B77A3EF00804FCA /* Resources */,
			);
			buildRules = (
			);
			dependencies = (
				0BD2AF471B77A3EF00804FCA /* PBXTargetDependency */,
			);
			name = DelegationTests;
			productName = DelegationTests;
			productReference = 0BD2AF451B77A3EF00804FCA /* DelegationTests.xctest */;
			productType = "com.apple.product-type.bundle.unit-test";
		};
/* End PBXNativeTarget section */

/* Begin PBXProject section */
		0BD2AF241B77A3EE00804FCA /* Project object */ = {
			isa = PBXProject;
			attributes = {
				LastUpgradeCheck = 0640;
				ORGANIZATIONNAME = "Artur Lan";
				TargetAttributes = {
					0BD2AF2B1B77A3EE00804FCA = {
						CreatedOnToolsVersion = 6.4;
					};
					0BD2AF441B77A3EF00804FCA = {
						CreatedOnToolsVersion = 6.4;
						TestTargetID = 0BD2AF2B1B77A3EE00804FCA;
					};
				};
			};
			buildConfigurationList = 0BD2AF271B77A3EE00804FCA /* Build configuration list for PBXProject "Delegation" */;
			compatibilityVersion = "Xcode 3.2";
			developmentRegion = English;
			hasScannedForEncodings = 0;
			knownRegions = (
				en,
				Base,
			);
			mainGroup = 0BD2AF231B77A3EE00804FCA;
			productRefGroup = 0BD2AF2D1B77A3EE00804FCA /* Products */;
			projectDirPath = "";
			projectRoot = "";
			targets = (
				0BD2AF2B1B77A3EE00804FCA /* Delegation */,
				0BD2AF441B77A3EF00804FCA /* DelegationTests */,
			);
		};
/* End PBXProject section */

/* Begin PBXResourcesBuildPhase section */
		0BD2AF2A1B77A3EE00804FCA /* Resources */ = {
			isa = PBXResourcesBuildPhase;
			buildActionMask = 2147483647;
			files = (
				0BD2AF3B1B77A3EF00804FCA /* Main.storyboard in Resources */,
				0BD2AF401B77A3EF00804FCA /* LaunchScreen.xib in Resources */,
				0BD2AF3D1B77A3EF00804FCA /* Images.xcassets in Resources */,
			);
			runOnlyForDeploymentPostprocessing = 0;
		};
		0BD2AF431B77A3EF00804FCA /* Resources */ = {
			isa = PBXResourcesBuildPhase;
			buildActionMask = 2147483647;
			files = (
			);
			runOnlyForDeploymentPostprocessing = 0;
		};
/* End PBXResourcesBuildPhase section */

/* Begin PBXSourcesBuildPhase section */
		0BD2AF281B77A3EE00804FCA /* Sources */ = {
			isa = PBXSourcesBuildPhase;
			buildActionMask = 2147483647;
			files = (
				0BD2AF381B77A3EF00804FCA /* ViewController.m in Sources */,
				0BD2AF351B77A3EF00804FCA /* AppDelegate.m in Sources */,
				0BD2AF571B77B85000804FCA /* delegateTableViewController.m in Sources */,
				0BD2AF321B77A3EF00804FCA /* main.m in Sources */,
			);
			runOnlyForDeploymentPostprocessing = 0;
		};
		0BD2AF411B77A3EF00804FCA /* Sources */ = {
			isa = PBXSourcesBuildPhase;
			buildActionMask = 2147483647;
			files = (
				0BD2AF4C1B77A3EF00804FCA /* DelegationTests.m in Sources */,
			);
			runOnlyForDeploymentPostprocessing = 0;
		};
/* End PBXSourcesBuildPhase section */

/* Begin PBXTargetDependency section */
		0BD2AF471B77A3EF00804FCA /* PBXTargetDependency */ = {
			isa = PBXTargetDependency;
			target = 0BD2AF2B1B77A3EE00804FCA /* Delegation */;
			targetProxy = 0BD2AF461B77A3EF00804FCA /* PBXContainerItemProxy */;
		};
/* End PBXTargetDependency section */

/* Begin PBXVariantGroup section */
		0BD2AF391B77A3EF00804FCA /* Main.storyboard */ = {
			isa = PBXVariantGroup;
			children = (
				0BD2AF3A1B77A3EF00804FCA /* Base */,
			);
			name = Main.storyboard;
			sourceTree = "<group>";
		};
		0BD2AF3E1B77A3EF00804FCA /* LaunchScreen.xib */ = {
			isa = PBXVariantGroup;
			children = (
				0BD2AF3F1B77A3EF00804FCA /* Base */,
			);
			name = LaunchScreen.xib;
			sourceTree = "<group>";
		};
/* End PBXVariantGroup section */

/* Begin XCBuildConfiguration section */
		0BD2AF4D1B77A3EF00804FCA /* Debug */ = {
			isa = XCBuildConfiguration;
			buildSettings = {
				ALWAYS_SEARCH_USER_PATHS = NO;
				CLANG_CXX_LANGUAGE_STANDARD = "gnu++0x";
				CLANG_CXX_LIBRARY = "libc++";
				CLANG_ENABLE_MODULES = YES;
				CLANG_ENABLE_OBJC_ARC = YES;
				CLANG_WARN_BOOL_CONVERSION = YES;
				CLANG_WARN_CONSTANT_CONVERSION = YES;
				CLANG_WARN_DIRECT_OBJC_ISA_USAGE = YES_ERROR;
				CLANG_WARN_EMPTY_BODY = YES;
				CLANG_WARN_ENUM_CONVERSION = YES;
				CLANG_WARN_INT_CONVERSION = YES;
				CLANG_WARN_OBJC_ROOT_CLASS = YES_ERROR;
				CLANG_WARN_UNREACHABLE_CODE = YES;
				CLANG_WARN__DUPLICATE_METHOD_MATCH = YES;
				"CODE_SIGN_IDENTITY[sdk=iphoneos*]" = "iPhone Developer";
				COPY_PHASE_STRIP = NO;
				DEBUG_INFORMATION_FORMAT = "dwarf-with-dsym";
				ENABLE_STRICT_OBJC_MSGSEND = YES;
				GCC_C_LANGUAGE_STANDARD = gnu99;
				GCC_DYNAMIC_NO_PIC = NO;
				GCC_NO_COMMON_BLOCKS = YES;
				GCC_OPTIMIZATION_LEVEL = 0;
				GCC_PREPROCESSOR_DEFINITIONS = (
					"DEBUG=1",
					"$(inherited)",
				);
				GCC_SYMBOLS_PRIVATE_EXTERN = NO;
				GCC_WARN_64_TO_32_BIT_CONVERSION = YES;
				GCC_WARN_ABOUT_RETURN_TYPE = YES_ERROR;
				GCC_WARN_UNDECLARED_SELECTOR = YES;
				GCC_WARN_UNINITIALIZED_AUTOS = YES_AGGRESSIVE;
				GCC_WARN_UNUSED_FUNCTION = YES;
				GCC_WARN_UNUSED_VARIABLE = YES;
				IPHONEOS_DEPLOYMENT_TARGET = 8.4;
				MTL_ENABLE_DEBUG_INFO = YES;
				ONLY_ACTIVE_ARCH = YES;
				SDKROOT = iphoneos;
				TARGETED_DEVICE_FAMILY = "1,2";
			};
			name = Debug;
		};
		0BD2AF4E1B77A3EF00804FCA /* Release */ = {
			isa = XCBuildConfiguration;
			buildSettings = {
				ALWAYS_SEARCH_USER_PATHS = NO;
				CLANG_CXX_LANGUAGE_STANDARD = "gnu++0x";
				CLANG_CXX_LIBRARY = "libc++";
				CLANG_ENABLE_MODULES = YES;
				CLANG_ENABLE_OBJC_ARC = YES;
				CLANG_WARN_BOOL_CONVERSION = YES;
				CLANG_WARN_CONSTANT_CONVERSION = YES;
				CLANG_WARN_DIRECT_OBJC_ISA_USAGE = YES_ERROR;
				CLANG_WARN_EMPTY_BODY = YES;
				CLANG_WARN_ENUM_CONVERSION = YES;
				CLANG_WARN_INT_CONVERSION = YES;
				CLANG_WARN_OBJC_ROOT_CLASS = YES_ERROR;
				CLANG_WARN_UNREACHABLE_CODE = YES;
				CLANG_WARN__DUPLICATE_METHOD_MATCH = YES;
				"CODE_SIGN_IDENTITY[sdk=iphoneos*]" = "iPhone Developer";
				COPY_PHASE_STRIP = NO;
				DEBUG_INFORMATION_FORMAT = "dwarf-with-dsym";
				ENABLE_NS_ASSERTIONS = NO;
				ENABLE_STRICT_OBJC_MSGSEND = YES;
				GCC_C_LANGUAGE_STANDARD = gnu99;
				GCC_NO_COMMON_BLOCKS = YES;
				GCC_WARN_64_TO_32_BIT_CONVERSION = YES;
				GCC_WARN_ABOUT_RETURN_TYPE = YES_ERROR;
				GCC_WARN_UNDECLARED_SELECTOR = YES;
				GCC_WARN_UNINITIALIZED_AUTOS = YES_AGGRESSIVE;
				GCC_WARN_UNUSED_FUNCTION = YES;
				GCC_WARN_UNUSED_VARIABLE = YES;
				IPHONEOS_DEPLOYMENT_TARGET = 8.4;
				MTL_ENABLE_DEBUG_INFO = NO;
				SDKROOT = iphoneos;
				TARGETED_DEVICE_FAMILY = "1,2";
				VALIDATE_PRODUCT = YES;
			};
			name = Release;
		};
		0BD2AF501B77A3EF00804FCA /* Debug */ = {
			isa = XCBuildConfiguration;
			buildSettings = {
				ASSETCATALOG_COMPILER_APPICON_NAME = AppIcon;
				INFOPLIST_FILE = Delegation/Info.plist;
				LD_RUNPATH_SEARCH_PATHS = "$(inherited) @executable_path/Frameworks";
				PRODUCT_NAME = "$(TARGET_NAME)";
			};
			name = Debug;
		};
		0BD2AF511B77A3EF00804FCA /* Release */ = {
			isa = XCBuildConfiguration;
			buildSettings = {
				ASSETCATALOG_COMPILER_APPICON_NAME = AppIcon;
				INFOPLIST_FILE = Delegation/Info.plist;
				LD_RUNPATH_SEARCH_PATHS = "$(inherited) @executable_path/Frameworks";
				PRODUCT_NAME = "$(TARGET_NAME)";
			};
			name = Release;
		};
		0BD2AF531B77A3EF00804FCA /* Debug */ = {
			isa = XCBuildConfiguration;
			buildSettings = {
				BUNDLE_LOADER = "$(TEST_HOST)";
				FRAMEWORK_SEARCH_PATHS = (
					"$(SDKROOT)/Developer/Library/Frameworks",
					"$(inherited)",
				);
				GCC_PREPROCESSOR_DEFINITIONS = (
					"DEBUG=1",
					"$(inherited)",
				);
				INFOPLIST_FILE = DelegationTests/Info.plist;
				LD_RUNPATH_SEARCH_PATHS = "$(inherited) @executable_path/Frameworks @loader_path/Frameworks";
				PRODUCT_NAME = "$(TARGET_NAME)";
				TEST_HOST = "$(BUILT_PRODUCTS_DIR)/Delegation.app/Delegation";
			};
			name = Debug;
		};
		0BD2AF541B77A3EF00804FCA /* Release */ = {
			isa = XCBuildConfiguration;
			buildSettings = {
				BUNDLE_LOADER = "$(TEST_HOST)";
				FRAMEWORK_SEARCH_PATHS = (
					"$(SDKROOT)/Developer/Library/Frameworks",
					"$(inherited)",
				);
				INFOPLIST_FILE = DelegationTests/Info.plist;
				LD_RUNPATH_SEARCH_PATHS = "$(inherited) @executable_path/Frameworks @loader_path/Frameworks";
				PRODUCT_NAME = "$(TARGET_NAME)";
				TEST_HOST = "$(BUILT_PRODUCTS_DIR)/Delegation.app/Delegation";
			};
			name = Release;
		};
/* End XCBuildConfiguration section */

/* Begin XCConfigurationList section */
		0BD2AF271B77A3EE00804FCA /* Build configuration list for PBXProject "Delegation" */ = {
			isa = XCConfigurationList;
			buildConfigurations = (
				0BD2AF4D1B77A3EF00804FCA /* Debug */,
				0BD2AF4E1B77A3EF00804FCA /* Release */,
			);
			defaultConfigurationIsVisible = 0;
			defaultConfigurationName = Release;
		};
		0BD2AF4F1B77A3EF00804FCA /* Build configuration list for PBXNativeTarget "Delegation" */ = {
			isa = XCConfigurationList;
			buildConfigurations = (
				0BD2AF501B77A3EF00804FCA /* Debug */,
				0BD2AF511B77A3EF00804FCA /* Release */,
			);
			defaultConfigurationIsVisible = 0;
		};
		0BD2AF521B77A3EF00804FCA /* Build configuration list for PBXNativeTarget "DelegationTests" */ = {
			isa = XCConfigurationList;
			buildConfigurations = (
				0BD2AF531B77A3EF00804FCA /* Debug */,
				0BD2AF541B77A3EF00804FCA /* Release */,
			);
			defaultConfigurationIsVisible = 0;
		};
/* End XCConfigurationList section */
	};
	rootObject = 0BD2AF241B77A3EE00804FCA /* Project object */;
}
