// !$*UTF8*$!
{
	archiveVersion = 1;
	classes = {
	};
	objectVersion = 46;
	objects = {

/* Begin PBXBuildFile section */
		0B8EBE9D1B41FA8F008A2EBE /* main.m in Sources */ = {isa = PBXBuildFile; fileRef = 0B8EBE9C1B41FA8F008A2EBE /* main.m */; };
		0B8EBEA51B41FAD9008A2EBE /* Item.m in Sources */ = {isa = PBXBuildFile; fileRef = 0B8EBEA41B41FAD9008A2EBE /* Item.m */; };
		0B8EBEA81B41FB0C008A2EBE /* ToDoApp.m in Sources */ = {isa = PBXBuildFile; fileRef = 0B8EBEA71B41FB0C008A2EBE /* ToDoApp.m */; };
		0B8EBEAB1B41FB3A008A2EBE /* List.m in Sources */ = {isa = PBXBuildFile; fileRef = 0B8EBEAA1B41FB3A008A2EBE /* List.m */; };
/* End PBXBuildFile section */

/* Begin PBXCopyFilesBuildPhase section */
		0B8EBE971B41FA8F008A2EBE /* CopyFiles */ = {
			isa = PBXCopyFilesBuildPhase;
			buildActionMask = 2147483647;
			dstPath = /usr/share/man/man1/;
			dstSubfolderSpec = 0;
			files = (
			);
			runOnlyForDeploymentPostprocessing = 1;
		};
/* End PBXCopyFilesBuildPhase section */

/* Begin PBXFileReference section */
		0B8EBE991B41FA8F008A2EBE /* FinalToDoList */ = {isa = PBXFileReference; explicitFileType = "compiled.mach-o.executable"; includeInIndex = 0; path = FinalToDoList; sourceTree = BUILT_PRODUCTS_DIR; };
		0B8EBE9C1B41FA8F008A2EBE /* main.m */ = {isa = PBXFileReference; lastKnownFileType = sourcecode.c.objc; path = main.m; sourceTree = "<group>"; };
		0B8EBEA31B41FAD9008A2EBE /* Item.h */ = {isa = PBXFileReference; fileEncoding = 4; lastKnownFileType = sourcecode.c.h; path = Item.h; sourceTree = "<group>"; };
		0B8EBEA41B41FAD9008A2EBE /* Item.m */ = {isa = PBXFileReference; fileEncoding = 4; lastKnownFileType = sourcecode.c.objc; path = Item.m; sourceTree = "<group>"; };
		0B8EBEA61B41FB0C008A2EBE /* ToDoApp.h */ = {isa = PBXFileReference; fileEncoding = 4; lastKnownFileType = sourcecode.c.h; path = ToDoApp.h; sourceTree = "<group>"; };
		0B8EBEA71B41FB0C008A2EBE /* ToDoApp.m */ = {isa = PBXFileReference; fileEncoding = 4; lastKnownFileType = sourcecode.c.objc; path = ToDoApp.m; sourceTree = "<group>"; };
		0B8EBEA91B41FB3A008A2EBE /* List.h */ = {isa = PBXFileReference; fileEncoding = 4; lastKnownFileType = sourcecode.c.h; path = List.h; sourceTree = "<group>"; };
		0B8EBEAA1B41FB3A008A2EBE /* List.m */ = {isa = PBXFileReference; fileEncoding = 4; lastKnownFileType = sourcecode.c.objc; path = List.m; sourceTree = "<group>"; };
/* End PBXFileReference section */

/* Begin PBXFrameworksBuildPhase section */
		0B8EBE961B41FA8F008A2EBE /* Frameworks */ = {
			isa = PBXFrameworksBuildPhase;
			buildActionMask = 2147483647;
			files = (
			);
			runOnlyForDeploymentPostprocessing = 0;
		};
/* End PBXFrameworksBuildPhase section */

/* Begin PBXGroup section */
		0B8EBE901B41FA8F008A2EBE = {
			isa = PBXGroup;
			children = (
				0B8EBE9B1B41FA8F008A2EBE /* FinalToDoList */,
				0B8EBE9A1B41FA8F008A2EBE /* Products */,
			);
			sourceTree = "<group>";
		};
		0B8EBE9A1B41FA8F008A2EBE /* Products */ = {
			isa = PBXGroup;
			children = (
				0B8EBE991B41FA8F008A2EBE /* FinalToDoList */,
			);
			name = Products;
			sourceTree = "<group>";
		};
		0B8EBE9B1B41FA8F008A2EBE /* FinalToDoList */ = {
			isa = PBXGroup;
			children = (
				0B8EBE9C1B41FA8F008A2EBE /* main.m */,
				0B8EBEA31B41FAD9008A2EBE /* Item.h */,
				0B8EBEA41B41FAD9008A2EBE /* Item.m */,
				0B8EBEA61B41FB0C008A2EBE /* ToDoApp.h */,
				0B8EBEA71B41FB0C008A2EBE /* ToDoApp.m */,
				0B8EBEA91B41FB3A008A2EBE /* List.h */,
				0B8EBEAA1B41FB3A008A2EBE /* List.m */,
			);
			path = FinalToDoList;
			sourceTree = "<group>";
		};
/* End PBXGroup section */

/* Begin PBXNativeTarget section */
		0B8EBE981B41FA8F008A2EBE /* FinalToDoList */ = {
			isa = PBXNativeTarget;
			buildConfigurationList = 0B8EBEA01B41FA8F008A2EBE /* Build configuration list for PBXNativeTarget "FinalToDoList" */;
			buildPhases = (
				0B8EBE951B41FA8F008A2EBE /* Sources */,
				0B8EBE961B41FA8F008A2EBE /* Frameworks */,
				0B8EBE971B41FA8F008A2EBE /* CopyFiles */,
			);
			buildRules = (
			);
			dependencies = (
			);
			name = FinalToDoList;
			productName = FinalToDoList;
			productReference = 0B8EBE991B41FA8F008A2EBE /* FinalToDoList */;
			productType = "com.apple.product-type.tool";
		};
/* End PBXNativeTarget section */

/* Begin PBXProject section */
		0B8EBE911B41FA8F008A2EBE /* Project object */ = {
			isa = PBXProject;
			attributes = {
				LastUpgradeCheck = 0630;
				ORGANIZATIONNAME = "Artur Lan";
				TargetAttributes = {
					0B8EBE981B41FA8F008A2EBE = {
						CreatedOnToolsVersion = 6.3.2;
					};
				};
			};
			buildConfigurationList = 0B8EBE941B41FA8F008A2EBE /* Build configuration list for PBXProject "FinalToDoList" */;
			compatibilityVersion = "Xcode 3.2";
			developmentRegion = English;
			hasScannedForEncodings = 0;
			knownRegions = (
				en,
			);
			mainGroup = 0B8EBE901B41FA8F008A2EBE;
			productRefGroup = 0B8EBE9A1B41FA8F008A2EBE /* Products */;
			projectDirPath = "";
			projectRoot = "";
			targets = (
				0B8EBE981B41FA8F008A2EBE /* FinalToDoList */,
			);
		};
/* End PBXProject section */

/* Begin PBXSourcesBuildPhase section */
		0B8EBE951B41FA8F008A2EBE /* Sources */ = {
			isa = PBXSourcesBuildPhase;
			buildActionMask = 2147483647;
			files = (
				0B8EBEA81B41FB0C008A2EBE /* ToDoApp.m in Sources */,
				0B8EBEAB1B41FB3A008A2EBE /* List.m in Sources */,
				0B8EBEA51B41FAD9008A2EBE /* Item.m in Sources */,
				0B8EBE9D1B41FA8F008A2EBE /* main.m in Sources */,
			);
			runOnlyForDeploymentPostprocessing = 0;
		};
/* End PBXSourcesBuildPhase section */

/* Begin XCBuildConfiguration section */
		0B8EBE9E1B41FA8F008A2EBE /* Debug */ = {
			isa = XCBuildConfiguration;
			buildSettings = {
				ALWAYS_SEARCH_USER_PATHS = NO;
				CLANG_CXX_LANGUAGE_STANDARD = "gnu++0x";
				CLANG_CXX_LIBRARY = "libc++";
				CLANG_ENABLE_MODULES = YES;
				CLANG_ENABLE_OBJC_ARC = YES;
				CLANG_WARN_BOOL_CONVERSION = YES;
				CLANG_WARN_CONSTANT_CONVERSION = YES;
				CLANG_WARN_DIRECT_OBJC_ISA_USAGE = YES_ERROR;
				CLANG_WARN_EMPTY_BODY = YES;
				CLANG_WARN_ENUM_CONVERSION = YES;
				CLANG_WARN_INT_CONVERSION = YES;
				CLANG_WARN_OBJC_ROOT_CLASS = YES_ERROR;
				CLANG_WARN_UNREACHABLE_CODE = YES;
				CLANG_WARN__DUPLICATE_METHOD_MATCH = YES;
				COPY_PHASE_STRIP = NO;
				DEBUG_INFORMATION_FORMAT = dwarf;
				ENABLE_STRICT_OBJC_MSGSEND = YES;
				GCC_C_LANGUAGE_STANDARD = gnu99;
				GCC_DYNAMIC_NO_PIC = NO;
				GCC_NO_COMMON_BLOCKS = YES;
				GCC_OPTIMIZATION_LEVEL = 0;
				GCC_PREPROCESSOR_DEFINITIONS = (
					"DEBUG=1",
					"$(inherited)",
				);
				GCC_SYMBOLS_PRIVATE_EXTERN = NO;
				GCC_WARN_64_TO_32_BIT_CONVERSION = YES;
				GCC_WARN_ABOUT_RETURN_TYPE = YES_ERROR;
				GCC_WARN_UNDECLARED_SELECTOR = YES;
				GCC_WARN_UNINITIALIZED_AUTOS = YES_AGGRESSIVE;
				GCC_WARN_UNUSED_FUNCTION = YES;
				GCC_WARN_UNUSED_VARIABLE = YES;
				MACOSX_DEPLOYMENT_TARGET = 10.10;
				MTL_ENABLE_DEBUG_INFO = YES;
				ONLY_ACTIVE_ARCH = YES;
				SDKROOT = macosx;
			};
			name = Debug;
		};
		0B8EBE9F1B41FA8F008A2EBE /* Release */ = {
			isa = XCBuildConfiguration;
			buildSettings = {
				ALWAYS_SEARCH_USER_PATHS = NO;
				CLANG_CXX_LANGUAGE_STANDARD = "gnu++0x";
				CLANG_CXX_LIBRARY = "libc++";
				CLANG_ENABLE_MODULES = YES;
				CLANG_ENABLE_OBJC_ARC = YES;
				CLANG_WARN_BOOL_CONVERSION = YES;
				CLANG_WARN_CONSTANT_CONVERSION = YES;
				CLANG_WARN_DIRECT_OBJC_ISA_USAGE = YES_ERROR;
				CLANG_WARN_EMPTY_BODY = YES;
				CLANG_WARN_ENUM_CONVERSION = YES;
				CLANG_WARN_INT_CONVERSION = YES;
				CLANG_WARN_OBJC_ROOT_CLASS = YES_ERROR;
				CLANG_WARN_UNREACHABLE_CODE = YES;
				CLANG_WARN__DUPLICATE_METHOD_MATCH = YES;
				COPY_PHASE_STRIP = NO;
				DEBUG_INFORMATION_FORMAT = "dwarf-with-dsym";
				ENABLE_NS_ASSERTIONS = NO;
				ENABLE_STRICT_OBJC_MSGSEND = YES;
				GCC_C_LANGUAGE_STANDARD = gnu99;
				GCC_NO_COMMON_BLOCKS = YES;
				GCC_WARN_64_TO_32_BIT_CONVERSION = YES;
				GCC_WARN_ABOUT_RETURN_TYPE = YES_ERROR;
				GCC_WARN_UNDECLARED_SELECTOR = YES;
				GCC_WARN_UNINITIALIZED_AUTOS = YES_AGGRESSIVE;
				GCC_WARN_UNUSED_FUNCTION = YES;
				GCC_WARN_UNUSED_VARIABLE = YES;
				MACOSX_DEPLOYMENT_TARGET = 10.10;
				MTL_ENABLE_DEBUG_INFO = NO;
				SDKROOT = macosx;
			};
			name = Release;
		};
		0B8EBEA11B41FA8F008A2EBE /* Debug */ = {
			isa = XCBuildConfiguration;
			buildSettings = {
				PRODUCT_NAME = "$(TARGET_NAME)";
			};
			name = Debug;
		};
		0B8EBEA21B41FA8F008A2EBE /* Release */ = {
			isa = XCBuildConfiguration;
			buildSettings = {
				PRODUCT_NAME = "$(TARGET_NAME)";
			};
			name = Release;
		};
/* End XCBuildConfiguration section */

/* Begin XCConfigurationList section */
		0B8EBE941B41FA8F008A2EBE /* Build configuration list for PBXProject "FinalToDoList" */ = {
			isa = XCConfigurationList;
			buildConfigurations = (
				0B8EBE9E1B41FA8F008A2EBE /* Debug */,
				0B8EBE9F1B41FA8F008A2EBE /* Release */,
			);
			defaultConfigurationIsVisible = 0;
			defaultConfigurationName = Release;
		};
		0B8EBEA01B41FA8F008A2EBE /* Build configuration list for PBXNativeTarget "FinalToDoList" */ = {
			isa = XCConfigurationList;
			buildConfigurations = (
				0B8EBEA11B41FA8F008A2EBE /* Debug */,
				0B8EBEA21B41FA8F008A2EBE /* Release */,
			);
			defaultConfigurationIsVisible = 0;
		};
/* End XCConfigurationList section */
	};
	rootObject = 0B8EBE911B41FA8F008A2EBE /* Project object */;
}
