// !$*UTF8*$!
{
	archiveVersion = 1;
	classes = {
	};
	objectVersion = 46;
	objects = {

/* Begin PBXBuildFile section */
		0BB1F7151B6B027400E1F9F0 /* main.m in Sources */ = {isa = PBXBuildFile; fileRef = 0BB1F7141B6B027400E1F9F0 /* main.m */; };
		0BB1F7181B6B027400E1F9F0 /* AppDelegate.m in Sources */ = {isa = PBXBuildFile; fileRef = 0BB1F7171B6B027400E1F9F0 /* AppDelegate.m */; };
		0BB1F71E1B6B027400E1F9F0 /* Main.storyboard in Resources */ = {isa = PBXBuildFile; fileRef = 0BB1F71C1B6B027400E1F9F0 /* Main.storyboard */; };
		0BB1F7201B6B027400E1F9F0 /* Images.xcassets in Resources */ = {isa = PBXBuildFile; fileRef = 0BB1F71F1B6B027400E1F9F0 /* Images.xcassets */; };
		0BB1F7231B6B027400E1F9F0 /* LaunchScreen.xib in Resources */ = {isa = PBXBuildFile; fileRef = 0BB1F7211B6B027400E1F9F0 /* LaunchScreen.xib */; };
		0BB1F72F1B6B027400E1F9F0 /* WatchTests.m in Sources */ = {isa = PBXBuildFile; fileRef = 0BB1F72E1B6B027400E1F9F0 /* WatchTests.m */; };
		0BB1F73A1B6B02DC00E1F9F0 /* WatchTableViewController.m in Sources */ = {isa = PBXBuildFile; fileRef = 0BB1F7391B6B02DC00E1F9F0 /* WatchTableViewController.m */; };
/* End PBXBuildFile section */

/* Begin PBXContainerItemProxy section */
		0BB1F7291B6B027400E1F9F0 /* PBXContainerItemProxy */ = {
			isa = PBXContainerItemProxy;
			containerPortal = 0BB1F7071B6B027400E1F9F0 /* Project object */;
			proxyType = 1;
			remoteGlobalIDString = 0BB1F70E1B6B027400E1F9F0;
			remoteInfo = Watch;
		};
/* End PBXContainerItemProxy section */

/* Begin PBXFileReference section */
		0BB1F70F1B6B027400E1F9F0 /* Watch.app */ = {isa = PBXFileReference; explicitFileType = wrapper.application; includeInIndex = 0; path = Watch.app; sourceTree = BUILT_PRODUCTS_DIR; };
		0BB1F7131B6B027400E1F9F0 /* Info.plist */ = {isa = PBXFileReference; lastKnownFileType = text.plist.xml; path = Info.plist; sourceTree = "<group>"; };
		0BB1F7141B6B027400E1F9F0 /* main.m */ = {isa = PBXFileReference; lastKnownFileType = sourcecode.c.objc; path = main.m; sourceTree = "<group>"; };
		0BB1F7161B6B027400E1F9F0 /* AppDelegate.h */ = {isa = PBXFileReference; lastKnownFileType = sourcecode.c.h; path = AppDelegate.h; sourceTree = "<group>"; };
		0BB1F7171B6B027400E1F9F0 /* AppDelegate.m */ = {isa = PBXFileReference; lastKnownFileType = sourcecode.c.objc; path = AppDelegate.m; sourceTree = "<group>"; };
		0BB1F71D1B6B027400E1F9F0 /* Base */ = {isa = PBXFileReference; lastKnownFileType = file.storyboard; name = Base; path = Base.lproj/Main.storyboard; sourceTree = "<group>"; };
		0BB1F71F1B6B027400E1F9F0 /* Images.xcassets */ = {isa = PBXFileReference; lastKnownFileType = folder.assetcatalog; path = Images.xcassets; sourceTree = "<group>"; };
		0BB1F7221B6B027400E1F9F0 /* Base */ = {isa = PBXFileReference; lastKnownFileType = file.xib; name = Base; path = Base.lproj/LaunchScreen.xib; sourceTree = "<group>"; };
		0BB1F7281B6B027400E1F9F0 /* WatchTests.xctest */ = {isa = PBXFileReference; explicitFileType = wrapper.cfbundle; includeInIndex = 0; path = WatchTests.xctest; sourceTree = BUILT_PRODUCTS_DIR; };
		0BB1F72D1B6B027400E1F9F0 /* Info.plist */ = {isa = PBXFileReference; lastKnownFileType = text.plist.xml; path = Info.plist; sourceTree = "<group>"; };
		0BB1F72E1B6B027400E1F9F0 /* WatchTests.m */ = {isa = PBXFileReference; lastKnownFileType = sourcecode.c.objc; path = WatchTests.m; sourceTree = "<group>"; };
		0BB1F7381B6B02DC00E1F9F0 /* WatchTableViewController.h */ = {isa = PBXFileReference; fileEncoding = 4; lastKnownFileType = sourcecode.c.h; path = WatchTableViewController.h; sourceTree = "<group>"; };
		0BB1F7391B6B02DC00E1F9F0 /* WatchTableViewController.m */ = {isa = PBXFileReference; fileEncoding = 4; lastKnownFileType = sourcecode.c.objc; path = WatchTableViewController.m; sourceTree = "<group>"; };
/* End PBXFileReference section */

/* Begin PBXFrameworksBuildPhase section */
		0BB1F70C1B6B027400E1F9F0 /* Frameworks */ = {
			isa = PBXFrameworksBuildPhase;
			buildActionMask = 2147483647;
			files = (
			);
			runOnlyForDeploymentPostprocessing = 0;
		};
		0BB1F7251B6B027400E1F9F0 /* Frameworks */ = {
			isa = PBXFrameworksBuildPhase;
			buildActionMask = 2147483647;
			files = (
			);
			runOnlyForDeploymentPostprocessing = 0;
		};
/* End PBXFrameworksBuildPhase section */

/* Begin PBXGroup section */
		0BB1F7061B6B027400E1F9F0 = {
			isa = PBXGroup;
			children = (
				0BB1F7111B6B027400E1F9F0 /* Watch */,
				0BB1F72B1B6B027400E1F9F0 /* WatchTests */,
				0BB1F7101B6B027400E1F9F0 /* Products */,
			);
			sourceTree = "<group>";
		};
		0BB1F7101B6B027400E1F9F0 /* Products */ = {
			isa = PBXGroup;
			children = (
				0BB1F70F1B6B027400E1F9F0 /* Watch.app */,
				0BB1F7281B6B027400E1F9F0 /* WatchTests.xctest */,
			);
			name = Products;
			sourceTree = "<group>";
		};
		0BB1F7111B6B027400E1F9F0 /* Watch */ = {
			isa = PBXGroup;
			children = (
				0BB1F7161B6B027400E1F9F0 /* AppDelegate.h */,
				0BB1F7171B6B027400E1F9F0 /* AppDelegate.m */,
				0BB1F7381B6B02DC00E1F9F0 /* WatchTableViewController.h */,
				0BB1F7391B6B02DC00E1F9F0 /* WatchTableViewController.m */,
				0BB1F71C1B6B027400E1F9F0 /* Main.storyboard */,
				0BB1F71F1B6B027400E1F9F0 /* Images.xcassets */,
				0BB1F7211B6B027400E1F9F0 /* LaunchScreen.xib */,
				0BB1F7121B6B027400E1F9F0 /* Supporting Files */,
			);
			path = Watch;
			sourceTree = "<group>";
		};
		0BB1F7121B6B027400E1F9F0 /* Supporting Files */ = {
			isa = PBXGroup;
			children = (
				0BB1F7131B6B027400E1F9F0 /* Info.plist */,
				0BB1F7141B6B027400E1F9F0 /* main.m */,
			);
			name = "Supporting Files";
			sourceTree = "<group>";
		};
		0BB1F72B1B6B027400E1F9F0 /* WatchTests */ = {
			isa = PBXGroup;
			children = (
				0BB1F72E1B6B027400E1F9F0 /* WatchTests.m */,
				0BB1F72C1B6B027400E1F9F0 /* Supporting Files */,
			);
			path = WatchTests;
			sourceTree = "<group>";
		};
		0BB1F72C1B6B027400E1F9F0 /* Supporting Files */ = {
			isa = PBXGroup;
			children = (
				0BB1F72D1B6B027400E1F9F0 /* Info.plist */,
			);
			name = "Supporting Files";
			sourceTree = "<group>";
		};
/* End PBXGroup section */

/* Begin PBXNativeTarget section */
		0BB1F70E1B6B027400E1F9F0 /* Watch */ = {
			isa = PBXNativeTarget;
			buildConfigurationList = 0BB1F7321B6B027400E1F9F0 /* Build configuration list for PBXNativeTarget "Watch" */;
			buildPhases = (
				0BB1F70B1B6B027400E1F9F0 /* Sources */,
				0BB1F70C1B6B027400E1F9F0 /* Frameworks */,
				0BB1F70D1B6B027400E1F9F0 /* Resources */,
			);
			buildRules = (
			);
			dependencies = (
			);
			name = Watch;
			productName = Watch;
			productReference = 0BB1F70F1B6B027400E1F9F0 /* Watch.app */;
			productType = "com.apple.product-type.application";
		};
		0BB1F7271B6B027400E1F9F0 /* WatchTests */ = {
			isa = PBXNativeTarget;
			buildConfigurationList = 0BB1F7351B6B027400E1F9F0 /* Build configuration list for PBXNativeTarget "WatchTests" */;
			buildPhases = (
				0BB1F7241B6B027400E1F9F0 /* Sources */,
				0BB1F7251B6B027400E1F9F0 /* Frameworks */,
				0BB1F7261B6B027400E1F9F0 /* Resources */,
			);
			buildRules = (
			);
			dependencies = (
				0BB1F72A1B6B027400E1F9F0 /* PBXTargetDependency */,
			);
			name = WatchTests;
			productName = WatchTests;
			productReference = 0BB1F7281B6B027400E1F9F0 /* WatchTests.xctest */;
			productType = "com.apple.product-type.bundle.unit-test";
		};
/* End PBXNativeTarget section */

/* Begin PBXProject section */
		0BB1F7071B6B027400E1F9F0 /* Project object */ = {
			isa = PBXProject;
			attributes = {
				LastUpgradeCheck = 0640;
				ORGANIZATIONNAME = "Artur Lan";
				TargetAttributes = {
					0BB1F70E1B6B027400E1F9F0 = {
						CreatedOnToolsVersion = 6.4;
					};
					0BB1F7271B6B027400E1F9F0 = {
						CreatedOnToolsVersion = 6.4;
						TestTargetID = 0BB1F70E1B6B027400E1F9F0;
					};
				};
			};
			buildConfigurationList = 0BB1F70A1B6B027400E1F9F0 /* Build configuration list for PBXProject "Watch" */;
			compatibilityVersion = "Xcode 3.2";
			developmentRegion = English;
			hasScannedForEncodings = 0;
			knownRegions = (
				en,
				Base,
			);
			mainGroup = 0BB1F7061B6B027400E1F9F0;
			productRefGroup = 0BB1F7101B6B027400E1F9F0 /* Products */;
			projectDirPath = "";
			projectRoot = "";
			targets = (
				0BB1F70E1B6B027400E1F9F0 /* Watch */,
				0BB1F7271B6B027400E1F9F0 /* WatchTests */,
			);
		};
/* End PBXProject section */

/* Begin PBXResourcesBuildPhase section */
		0BB1F70D1B6B027400E1F9F0 /* Resources */ = {
			isa = PBXResourcesBuildPhase;
			buildActionMask = 2147483647;
			files = (
				0BB1F71E1B6B027400E1F9F0 /* Main.storyboard in Resources */,
				0BB1F7231B6B027400E1F9F0 /* LaunchScreen.xib in Resources */,
				0BB1F7201B6B027400E1F9F0 /* Images.xcassets in Resources */,
			);
			runOnlyForDeploymentPostprocessing = 0;
		};
		0BB1F7261B6B027400E1F9F0 /* Resources */ = {
			isa = PBXResourcesBuildPhase;
			buildActionMask = 2147483647;
			files = (
			);
			runOnlyForDeploymentPostprocessing = 0;
		};
/* End PBXResourcesBuildPhase section */

/* Begin PBXSourcesBuildPhase section */
		0BB1F70B1B6B027400E1F9F0 /* Sources */ = {
			isa = PBXSourcesBuildPhase;
			buildActionMask = 2147483647;
			files = (
				0BB1F7181B6B027400E1F9F0 /* AppDelegate.m in Sources */,
				0BB1F73A1B6B02DC00E1F9F0 /* WatchTableViewController.m in Sources */,
				0BB1F7151B6B027400E1F9F0 /* main.m in Sources */,
			);
			runOnlyForDeploymentPostprocessing = 0;
		};
		0BB1F7241B6B027400E1F9F0 /* Sources */ = {
			isa = PBXSourcesBuildPhase;
			buildActionMask = 2147483647;
			files = (
				0BB1F72F1B6B027400E1F9F0 /* WatchTests.m in Sources */,
			);
			runOnlyForDeploymentPostprocessing = 0;
		};
/* End PBXSourcesBuildPhase section */

/* Begin PBXTargetDependency section */
		0BB1F72A1B6B027400E1F9F0 /* PBXTargetDependency */ = {
			isa = PBXTargetDependency;
			target = 0BB1F70E1B6B027400E1F9F0 /* Watch */;
			targetProxy = 0BB1F7291B6B027400E1F9F0 /* PBXContainerItemProxy */;
		};
/* End PBXTargetDependency section */

/* Begin PBXVariantGroup section */
		0BB1F71C1B6B027400E1F9F0 /* Main.storyboard */ = {
			isa = PBXVariantGroup;
			children = (
				0BB1F71D1B6B027400E1F9F0 /* Base */,
			);
			name = Main.storyboard;
			sourceTree = "<group>";
		};
		0BB1F7211B6B027400E1F9F0 /* LaunchScreen.xib */ = {
			isa = PBXVariantGroup;
			children = (
				0BB1F7221B6B027400E1F9F0 /* Base */,
			);
			name = LaunchScreen.xib;
			sourceTree = "<group>";
		};
/* End PBXVariantGroup section */

/* Begin XCBuildConfiguration section */
		0BB1F7301B6B027400E1F9F0 /* Debug */ = {
			isa = XCBuildConfiguration;
			buildSettings = {
				ALWAYS_SEARCH_USER_PATHS = NO;
				CLANG_CXX_LANGUAGE_STANDARD = "gnu++0x";
				CLANG_CXX_LIBRARY = "libc++";
				CLANG_ENABLE_MODULES = YES;
				CLANG_ENABLE_OBJC_ARC = YES;
				CLANG_WARN_BOOL_CONVERSION = YES;
				CLANG_WARN_CONSTANT_CONVERSION = YES;
				CLANG_WARN_DIRECT_OBJC_ISA_USAGE = YES_ERROR;
				CLANG_WARN_EMPTY_BODY = YES;
				CLANG_WARN_ENUM_CONVERSION = YES;
				CLANG_WARN_INT_CONVERSION = YES;
				CLANG_WARN_OBJC_ROOT_CLASS = YES_ERROR;
				CLANG_WARN_UNREACHABLE_CODE = YES;
				CLANG_WARN__DUPLICATE_METHOD_MATCH = YES;
				"CODE_SIGN_IDENTITY[sdk=iphoneos*]" = "iPhone Developer";
				COPY_PHASE_STRIP = NO;
				DEBUG_INFORMATION_FORMAT = "dwarf-with-dsym";
				ENABLE_STRICT_OBJC_MSGSEND = YES;
				GCC_C_LANGUAGE_STANDARD = gnu99;
				GCC_DYNAMIC_NO_PIC = NO;
				GCC_NO_COMMON_BLOCKS = YES;
				GCC_OPTIMIZATION_LEVEL = 0;
				GCC_PREPROCESSOR_DEFINITIONS = (
					"DEBUG=1",
					"$(inherited)",
				);
				GCC_SYMBOLS_PRIVATE_EXTERN = NO;
				GCC_WARN_64_TO_32_BIT_CONVERSION = YES;
				GCC_WARN_ABOUT_RETURN_TYPE = YES_ERROR;
				GCC_WARN_UNDECLARED_SELECTOR = YES;
				GCC_WARN_UNINITIALIZED_AUTOS = YES_AGGRESSIVE;
				GCC_WARN_UNUSED_FUNCTION = YES;
				GCC_WARN_UNUSED_VARIABLE = YES;
				IPHONEOS_DEPLOYMENT_TARGET = 8.4;
				MTL_ENABLE_DEBUG_INFO = YES;
				ONLY_ACTIVE_ARCH = YES;
				SDKROOT = iphoneos;
				TARGETED_DEVICE_FAMILY = "1,2";
			};
			name = Debug;
		};
		0BB1F7311B6B027400E1F9F0 /* Release */ = {
			isa = XCBuildConfiguration;
			buildSettings = {
				ALWAYS_SEARCH_USER_PATHS = NO;
				CLANG_CXX_LANGUAGE_STANDARD = "gnu++0x";
				CLANG_CXX_LIBRARY = "libc++";
				CLANG_ENABLE_MODULES = YES;
				CLANG_ENABLE_OBJC_ARC = YES;
				CLANG_WARN_BOOL_CONVERSION = YES;
				CLANG_WARN_CONSTANT_CONVERSION = YES;
				CLANG_WARN_DIRECT_OBJC_ISA_USAGE = YES_ERROR;
				CLANG_WARN_EMPTY_BODY = YES;
				CLANG_WARN_ENUM_CONVERSION = YES;
				CLANG_WARN_INT_CONVERSION = YES;
				CLANG_WARN_OBJC_ROOT_CLASS = YES_ERROR;
				CLANG_WARN_UNREACHABLE_CODE = YES;
				CLANG_WARN__DUPLICATE_METHOD_MATCH = YES;
				"CODE_SIGN_IDENTITY[sdk=iphoneos*]" = "iPhone Developer";
				COPY_PHASE_STRIP = NO;
				DEBUG_INFORMATION_FORMAT = "dwarf-with-dsym";
				ENABLE_NS_ASSERTIONS = NO;
				ENABLE_STRICT_OBJC_MSGSEND = YES;
				GCC_C_LANGUAGE_STANDARD = gnu99;
				GCC_NO_COMMON_BLOCKS = YES;
				GCC_WARN_64_TO_32_BIT_CONVERSION = YES;
				GCC_WARN_ABOUT_RETURN_TYPE = YES_ERROR;
				GCC_WARN_UNDECLARED_SELECTOR = YES;
				GCC_WARN_UNINITIALIZED_AUTOS = YES_AGGRESSIVE;
				GCC_WARN_UNUSED_FUNCTION = YES;
				GCC_WARN_UNUSED_VARIABLE = YES;
				IPHONEOS_DEPLOYMENT_TARGET = 8.4;
				MTL_ENABLE_DEBUG_INFO = NO;
				SDKROOT = iphoneos;
				TARGETED_DEVICE_FAMILY = "1,2";
				VALIDATE_PRODUCT = YES;
			};
			name = Release;
		};
		0BB1F7331B6B027400E1F9F0 /* Debug */ = {
			isa = XCBuildConfiguration;
			buildSettings = {
				ASSETCATALOG_COMPILER_APPICON_NAME = AppIcon;
				INFOPLIST_FILE = Watch/Info.plist;
				LD_RUNPATH_SEARCH_PATHS = "$(inherited) @executable_path/Frameworks";
				PRODUCT_NAME = "$(TARGET_NAME)";
			};
			name = Debug;
		};
		0BB1F7341B6B027400E1F9F0 /* Release */ = {
			isa = XCBuildConfiguration;
			buildSettings = {
				ASSETCATALOG_COMPILER_APPICON_NAME = AppIcon;
				INFOPLIST_FILE = Watch/Info.plist;
				LD_RUNPATH_SEARCH_PATHS = "$(inherited) @executable_path/Frameworks";
				PRODUCT_NAME = "$(TARGET_NAME)";
			};
			name = Release;
		};
		0BB1F7361B6B027400E1F9F0 /* Debug */ = {
			isa = XCBuildConfiguration;
			buildSettings = {
				BUNDLE_LOADER = "$(TEST_HOST)";
				FRAMEWORK_SEARCH_PATHS = (
					"$(SDKROOT)/Developer/Library/Frameworks",
					"$(inherited)",
				);
				GCC_PREPROCESSOR_DEFINITIONS = (
					"DEBUG=1",
					"$(inherited)",
				);
				INFOPLIST_FILE = WatchTests/Info.plist;
				LD_RUNPATH_SEARCH_PATHS = "$(inherited) @executable_path/Frameworks @loader_path/Frameworks";
				PRODUCT_NAME = "$(TARGET_NAME)";
				TEST_HOST = "$(BUILT_PRODUCTS_DIR)/Watch.app/Watch";
			};
			name = Debug;
		};
		0BB1F7371B6B027400E1F9F0 /* Release */ = {
			isa = XCBuildConfiguration;
			buildSettings = {
				BUNDLE_LOADER = "$(TEST_HOST)";
				FRAMEWORK_SEARCH_PATHS = (
					"$(SDKROOT)/Developer/Library/Frameworks",
					"$(inherited)",
				);
				INFOPLIST_FILE = WatchTests/Info.plist;
				LD_RUNPATH_SEARCH_PATHS = "$(inherited) @executable_path/Frameworks @loader_path/Frameworks";
				PRODUCT_NAME = "$(TARGET_NAME)";
				TEST_HOST = "$(BUILT_PRODUCTS_DIR)/Watch.app/Watch";
			};
			name = Release;
		};
/* End XCBuildConfiguration section */

/* Begin XCConfigurationList section */
		0BB1F70A1B6B027400E1F9F0 /* Build configuration list for PBXProject "Watch" */ = {
			isa = XCConfigurationList;
			buildConfigurations = (
				0BB1F7301B6B027400E1F9F0 /* Debug */,
				0BB1F7311B6B027400E1F9F0 /* Release */,
			);
			defaultConfigurationIsVisible = 0;
			defaultConfigurationName = Release;
		};
		0BB1F7321B6B027400E1F9F0 /* Build configuration list for PBXNativeTarget "Watch" */ = {
			isa = XCConfigurationList;
			buildConfigurations = (
				0BB1F7331B6B027400E1F9F0 /* Debug */,
				0BB1F7341B6B027400E1F9F0 /* Release */,
			);
			defaultConfigurationIsVisible = 0;
		};
		0BB1F7351B6B027400E1F9F0 /* Build configuration list for PBXNativeTarget "WatchTests" */ = {
			isa = XCConfigurationList;
			buildConfigurations = (
				0BB1F7361B6B027400E1F9F0 /* Debug */,
				0BB1F7371B6B027400E1F9F0 /* Release */,
			);
			defaultConfigurationIsVisible = 0;
		};
/* End XCConfigurationList section */
	};
	rootObject = 0BB1F7071B6B027400E1F9F0 /* Project object */;
}
