// !$*UTF8*$!
{
	archiveVersion = 1;
	classes = {
	};
	objectVersion = 46;
	objects = {

/* Begin PBXBuildFile section */
		0B8FFF201BB8439F00C5C2FB /* main.m in Sources */ = {isa = PBXBuildFile; fileRef = 0B8FFF1F1BB8439F00C5C2FB /* main.m */; };
		0B8FFF231BB8439F00C5C2FB /* AppDelegate.m in Sources */ = {isa = PBXBuildFile; fileRef = 0B8FFF221BB8439F00C5C2FB /* AppDelegate.m */; };
		0B8FFF261BB8439F00C5C2FB /* ViewController.m in Sources */ = {isa = PBXBuildFile; fileRef = 0B8FFF251BB8439F00C5C2FB /* ViewController.m */; };
		0B8FFF291BB8439F00C5C2FB /* Main.storyboard in Resources */ = {isa = PBXBuildFile; fileRef = 0B8FFF271BB8439F00C5C2FB /* Main.storyboard */; };
		0B8FFF2B1BB8439F00C5C2FB /* Assets.xcassets in Resources */ = {isa = PBXBuildFile; fileRef = 0B8FFF2A1BB8439F00C5C2FB /* Assets.xcassets */; };
		0B8FFF2E1BB8439F00C5C2FB /* LaunchScreen.storyboard in Resources */ = {isa = PBXBuildFile; fileRef = 0B8FFF2C1BB8439F00C5C2FB /* LaunchScreen.storyboard */; };
		0B8FFF371BB844AE00C5C2FB /* ABBButon.m in Sources */ = {isa = PBXBuildFile; fileRef = 0B8FFF361BB844AD00C5C2FB /* ABBButon.m */; settings = {ASSET_TAGS = (); }; };
/* End PBXBuildFile section */

/* Begin PBXFileReference section */
		0B8FFF1B1BB8439F00C5C2FB /* CustomButtonSubclass.app */ = {isa = PBXFileReference; explicitFileType = wrapper.application; includeInIndex = 0; path = CustomButtonSubclass.app; sourceTree = BUILT_PRODUCTS_DIR; };
		0B8FFF1F1BB8439F00C5C2FB /* main.m */ = {isa = PBXFileReference; lastKnownFileType = sourcecode.c.objc; path = main.m; sourceTree = "<group>"; };
		0B8FFF211BB8439F00C5C2FB /* AppDelegate.h */ = {isa = PBXFileReference; lastKnownFileType = sourcecode.c.h; path = AppDelegate.h; sourceTree = "<group>"; };
		0B8FFF221BB8439F00C5C2FB /* AppDelegate.m */ = {isa = PBXFileReference; lastKnownFileType = sourcecode.c.objc; path = AppDelegate.m; sourceTree = "<group>"; };
		0B8FFF241BB8439F00C5C2FB /* ViewController.h */ = {isa = PBXFileReference; lastKnownFileType = sourcecode.c.h; path = ViewController.h; sourceTree = "<group>"; };
		0B8FFF251BB8439F00C5C2FB /* ViewController.m */ = {isa = PBXFileReference; lastKnownFileType = sourcecode.c.objc; path = ViewController.m; sourceTree = "<group>"; };
		0B8FFF281BB8439F00C5C2FB /* Base */ = {isa = PBXFileReference; lastKnownFileType = file.storyboard; name = Base; path = Base.lproj/Main.storyboard; sourceTree = "<group>"; };
		0B8FFF2A1BB8439F00C5C2FB /* Assets.xcassets */ = {isa = PBXFileReference; lastKnownFileType = folder.assetcatalog; path = Assets.xcassets; sourceTree = "<group>"; };
		0B8FFF2D1BB8439F00C5C2FB /* Base */ = {isa = PBXFileReference; lastKnownFileType = file.storyboard; name = Base; path = Base.lproj/LaunchScreen.storyboard; sourceTree = "<group>"; };
		0B8FFF2F1BB8439F00C5C2FB /* Info.plist */ = {isa = PBXFileReference; lastKnownFileType = text.plist.xml; path = Info.plist; sourceTree = "<group>"; };
		0B8FFF351BB844AD00C5C2FB /* ABBButon.h */ = {isa = PBXFileReference; fileEncoding = 4; lastKnownFileType = sourcecode.c.h; path = ABBButon.h; sourceTree = "<group>"; };
		0B8FFF361BB844AD00C5C2FB /* ABBButon.m */ = {isa = PBXFileReference; fileEncoding = 4; lastKnownFileType = sourcecode.c.objc; path = ABBButon.m; sourceTree = "<group>"; };
/* End PBXFileReference section */

/* Begin PBXFrameworksBuildPhase section */
		0B8FFF181BB8439F00C5C2FB /* Frameworks */ = {
			isa = PBXFrameworksBuildPhase;
			buildActionMask = 2147483647;
			files = (
			);
			runOnlyForDeploymentPostprocessing = 0;
		};
/* End PBXFrameworksBuildPhase section */

/* Begin PBXGroup section */
		0B8FFF121BB8439F00C5C2FB = {
			isa = PBXGroup;
			children = (
				0B8FFF1D1BB8439F00C5C2FB /* CustomButtonSubclass */,
				0B8FFF1C1BB8439F00C5C2FB /* Products */,
			);
			sourceTree = "<group>";
		};
		0B8FFF1C1BB8439F00C5C2FB /* Products */ = {
			isa = PBXGroup;
			children = (
				0B8FFF1B1BB8439F00C5C2FB /* CustomButtonSubclass.app */,
			);
			name = Products;
			sourceTree = "<group>";
		};
		0B8FFF1D1BB8439F00C5C2FB /* CustomButtonSubclass */ = {
			isa = PBXGroup;
			children = (
				0B8FFF211BB8439F00C5C2FB /* AppDelegate.h */,
				0B8FFF221BB8439F00C5C2FB /* AppDelegate.m */,
				0B8FFF241BB8439F00C5C2FB /* ViewController.h */,
				0B8FFF251BB8439F00C5C2FB /* ViewController.m */,
				0B8FFF351BB844AD00C5C2FB /* ABBButon.h */,
				0B8FFF361BB844AD00C5C2FB /* ABBButon.m */,
				0B8FFF271BB8439F00C5C2FB /* Main.storyboard */,
				0B8FFF2A1BB8439F00C5C2FB /* Assets.xcassets */,
				0B8FFF2C1BB8439F00C5C2FB /* LaunchScreen.storyboard */,
				0B8FFF2F1BB8439F00C5C2FB /* Info.plist */,
				0B8FFF1E1BB8439F00C5C2FB /* Supporting Files */,
			);
			path = CustomButtonSubclass;
			sourceTree = "<group>";
		};
		0B8FFF1E1BB8439F00C5C2FB /* Supporting Files */ = {
			isa = PBXGroup;
			children = (
				0B8FFF1F1BB8439F00C5C2FB /* main.m */,
			);
			name = "Supporting Files";
			sourceTree = "<group>";
		};
/* End PBXGroup section */

/* Begin PBXNativeTarget section */
		0B8FFF1A1BB8439F00C5C2FB /* CustomButtonSubclass */ = {
			isa = PBXNativeTarget;
			buildConfigurationList = 0B8FFF321BB8439F00C5C2FB /* Build configuration list for PBXNativeTarget "CustomButtonSubclass" */;
			buildPhases = (
				0B8FFF171BB8439F00C5C2FB /* Sources */,
				0B8FFF181BB8439F00C5C2FB /* Frameworks */,
				0B8FFF191BB8439F00C5C2FB /* Resources */,
			);
			buildRules = (
			);
			dependencies = (
			);
			name = CustomButtonSubclass;
			productName = CustomButtonSubclass;
			productReference = 0B8FFF1B1BB8439F00C5C2FB /* CustomButtonSubclass.app */;
			productType = "com.apple.product-type.application";
		};
/* End PBXNativeTarget section */

/* Begin PBXProject section */
		0B8FFF131BB8439F00C5C2FB /* Project object */ = {
			isa = PBXProject;
			attributes = {
				LastUpgradeCheck = 0700;
				ORGANIZATIONNAME = "Artur Lan";
				TargetAttributes = {
					0B8FFF1A1BB8439F00C5C2FB = {
						CreatedOnToolsVersion = 7.0;
						DevelopmentTeam = 3J8TK6N9FY;
					};
				};
			};
			buildConfigurationList = 0B8FFF161BB8439F00C5C2FB /* Build configuration list for PBXProject "CustomButtonSubclass" */;
			compatibilityVersion = "Xcode 3.2";
			developmentRegion = English;
			hasScannedForEncodings = 0;
			knownRegions = (
				en,
				Base,
			);
			mainGroup = 0B8FFF121BB8439F00C5C2FB;
			productRefGroup = 0B8FFF1C1BB8439F00C5C2FB /* Products */;
			projectDirPath = "";
			projectRoot = "";
			targets = (
				0B8FFF1A1BB8439F00C5C2FB /* CustomButtonSubclass */,
			);
		};
/* End PBXProject section */

/* Begin PBXResourcesBuildPhase section */
		0B8FFF191BB8439F00C5C2FB /* Resources */ = {
			isa = PBXResourcesBuildPhase;
			buildActionMask = 2147483647;
			files = (
				0B8FFF2E1BB8439F00C5C2FB /* LaunchScreen.storyboard in Resources */,
				0B8FFF2B1BB8439F00C5C2FB /* Assets.xcassets in Resources */,
				0B8FFF291BB8439F00C5C2FB /* Main.storyboard in Resources */,
			);
			runOnlyForDeploymentPostprocessing = 0;
		};
/* End PBXResourcesBuildPhase section */

/* Begin PBXSourcesBuildPhase section */
		0B8FFF171BB8439F00C5C2FB /* Sources */ = {
			isa = PBXSourcesBuildPhase;
			buildActionMask = 2147483647;
			files = (
				0B8FFF261BB8439F00C5C2FB /* ViewController.m in Sources */,
				0B8FFF231BB8439F00C5C2FB /* AppDelegate.m in Sources */,
				0B8FFF371BB844AE00C5C2FB /* ABBButon.m in Sources */,
				0B8FFF201BB8439F00C5C2FB /* main.m in Sources */,
			);
			runOnlyForDeploymentPostprocessing = 0;
		};
/* End PBXSourcesBuildPhase section */

/* Begin PBXVariantGroup section */
		0B8FFF271BB8439F00C5C2FB /* Main.storyboard */ = {
			isa = PBXVariantGroup;
			children = (
				0B8FFF281BB8439F00C5C2FB /* Base */,
			);
			name = Main.storyboard;
			sourceTree = "<group>";
		};
		0B8FFF2C1BB8439F00C5C2FB /* LaunchScreen.storyboard */ = {
			isa = PBXVariantGroup;
			children = (
				0B8FFF2D1BB8439F00C5C2FB /* Base */,
			);
			name = LaunchScreen.storyboard;
			sourceTree = "<group>";
		};
/* End PBXVariantGroup section */

/* Begin XCBuildConfiguration section */
		0B8FFF301BB8439F00C5C2FB /* Debug */ = {
			isa = XCBuildConfiguration;
			buildSettings = {
				ALWAYS_SEARCH_USER_PATHS = NO;
				CLANG_CXX_LANGUAGE_STANDARD = "gnu++0x";
				CLANG_CXX_LIBRARY = "libc++";
				CLANG_ENABLE_MODULES = YES;
				CLANG_ENABLE_OBJC_ARC = YES;
				CLANG_WARN_BOOL_CONVERSION = YES;
				CLANG_WARN_CONSTANT_CONVERSION = YES;
				CLANG_WARN_DIRECT_OBJC_ISA_USAGE = YES_ERROR;
				CLANG_WARN_EMPTY_BODY = YES;
				CLANG_WARN_ENUM_CONVERSION = YES;
				CLANG_WARN_INT_CONVERSION = YES;
				CLANG_WARN_OBJC_ROOT_CLASS = YES_ERROR;
				CLANG_WARN_UNREACHABLE_CODE = YES;
				CLANG_WARN__DUPLICATE_METHOD_MATCH = YES;
				"CODE_SIGN_IDENTITY[sdk=iphoneos*]" = "iPhone Developer";
				COPY_PHASE_STRIP = NO;
				DEBUG_INFORMATION_FORMAT = dwarf;
				ENABLE_STRICT_OBJC_MSGSEND = YES;
				ENABLE_TESTABILITY = YES;
				GCC_C_LANGUAGE_STANDARD = gnu99;
				GCC_DYNAMIC_NO_PIC = NO;
				GCC_NO_COMMON_BLOCKS = YES;
				GCC_OPTIMIZATION_LEVEL = 0;
				GCC_PREPROCESSOR_DEFINITIONS = (
					"DEBUG=1",
					"$(inherited)",
				);
				GCC_WARN_64_TO_32_BIT_CONVERSION = YES;
				GCC_WARN_ABOUT_RETURN_TYPE = YES_ERROR;
				GCC_WARN_UNDECLARED_SELECTOR = YES;
				GCC_WARN_UNINITIALIZED_AUTOS = YES_AGGRESSIVE;
				GCC_WARN_UNUSED_FUNCTION = YES;
				GCC_WARN_UNUSED_VARIABLE = YES;
				IPHONEOS_DEPLOYMENT_TARGET = 9.0;
				MTL_ENABLE_DEBUG_INFO = YES;
				ONLY_ACTIVE_ARCH = YES;
				SDKROOT = iphoneos;
				TARGETED_DEVICE_FAMILY = "1,2";
			};
			name = Debug;
		};
		0B8FFF311BB8439F00C5C2FB /* Release */ = {
			isa = XCBuildConfiguration;
			buildSettings = {
				ALWAYS_SEARCH_USER_PATHS = NO;
				CLANG_CXX_LANGUAGE_STANDARD = "gnu++0x";
				CLANG_CXX_LIBRARY = "libc++";
				CLANG_ENABLE_MODULES = YES;
				CLANG_ENABLE_OBJC_ARC = YES;
				CLANG_WARN_BOOL_CONVERSION = YES;
				CLANG_WARN_CONSTANT_CONVERSION = YES;
				CLANG_WARN_DIRECT_OBJC_ISA_USAGE = YES_ERROR;
				CLANG_WARN_EMPTY_BODY = YES;
				CLANG_WARN_ENUM_CONVERSION = YES;
				CLANG_WARN_INT_CONVERSION = YES;
				CLANG_WARN_OBJC_ROOT_CLASS = YES_ERROR;
				CLANG_WARN_UNREACHABLE_CODE = YES;
				CLANG_WARN__DUPLICATE_METHOD_MATCH = YES;
				"CODE_SIGN_IDENTITY[sdk=iphoneos*]" = "iPhone Developer";
				COPY_PHASE_STRIP = NO;
				DEBUG_INFORMATION_FORMAT = "dwarf-with-dsym";
				ENABLE_NS_ASSERTIONS = NO;
				ENABLE_STRICT_OBJC_MSGSEND = YES;
				GCC_C_LANGUAGE_STANDARD = gnu99;
				GCC_NO_COMMON_BLOCKS = YES;
				GCC_WARN_64_TO_32_BIT_CONVERSION = YES;
				GCC_WARN_ABOUT_RETURN_TYPE = YES_ERROR;
				GCC_WARN_UNDECLARED_SELECTOR = YES;
				GCC_WARN_UNINITIALIZED_AUTOS = YES_AGGRESSIVE;
				GCC_WARN_UNUSED_FUNCTION = YES;
				GCC_WARN_UNUSED_VARIABLE = YES;
				IPHONEOS_DEPLOYMENT_TARGET = 9.0;
				MTL_ENABLE_DEBUG_INFO = NO;
				SDKROOT = iphoneos;
				TARGETED_DEVICE_FAMILY = "1,2";
				VALIDATE_PRODUCT = YES;
			};
			name = Release;
		};
		0B8FFF331BB8439F00C5C2FB /* Debug */ = {
			isa = XCBuildConfiguration;
			buildSettings = {
				ASSETCATALOG_COMPILER_APPICON_NAME = AppIcon;
				INFOPLIST_FILE = CustomButtonSubclass/Info.plist;
				LD_RUNPATH_SEARCH_PATHS = "$(inherited) @executable_path/Frameworks";
				PRODUCT_BUNDLE_IDENTIFIER = c4q.CustomButtonSubclass;
				PRODUCT_NAME = "$(TARGET_NAME)";
			};
			name = Debug;
		};
		0B8FFF341BB8439F00C5C2FB /* Release */ = {
			isa = XCBuildConfiguration;
			buildSettings = {
				ASSETCATALOG_COMPILER_APPICON_NAME = AppIcon;
				INFOPLIST_FILE = CustomButtonSubclass/Info.plist;
				LD_RUNPATH_SEARCH_PATHS = "$(inherited) @executable_path/Frameworks";
				PRODUCT_BUNDLE_IDENTIFIER = c4q.CustomButtonSubclass;
				PRODUCT_NAME = "$(TARGET_NAME)";
			};
			name = Release;
		};
/* End XCBuildConfiguration section */

/* Begin XCConfigurationList section */
		0B8FFF161BB8439F00C5C2FB /* Build configuration list for PBXProject "CustomButtonSubclass" */ = {
			isa = XCConfigurationList;
			buildConfigurations = (
				0B8FFF301BB8439F00C5C2FB /* Debug */,
				0B8FFF311BB8439F00C5C2FB /* Release */,
			);
			defaultConfigurationIsVisible = 0;
			defaultConfigurationName = Release;
		};
		0B8FFF321BB8439F00C5C2FB /* Build configuration list for PBXNativeTarget "CustomButtonSubclass" */ = {
			isa = XCConfigurationList;
			buildConfigurations = (
				0B8FFF331BB8439F00C5C2FB /* Debug */,
				0B8FFF341BB8439F00C5C2FB /* Release */,
			);
			defaultConfigurationIsVisible = 0;
		};
/* End XCConfigurationList section */
	};
	rootObject = 0B8FFF131BB8439F00C5C2FB /* Project object */;
}
